// !$*UTF8*$!
{
	archiveVersion = 1;
	classes = {
	};
	objectVersion = 46;
	objects = {

/* Begin PBXBuildFile section */
		101AD1031AF782080022D0F0 /* AppDelegate.swift in Sources */ = {isa = PBXBuildFile; fileRef = 101AD1021AF782080022D0F0 /* AppDelegate.swift */; };
		101AD1051AF782080022D0F0 /* ViewController.swift in Sources */ = {isa = PBXBuildFile; fileRef = 101AD1041AF782080022D0F0 /* ViewController.swift */; };
		101AD1081AF782080022D0F0 /* CKSIncrementalStore_OSXDemo.xcdatamodeld in Sources */ = {isa = PBXBuildFile; fileRef = 101AD1061AF782080022D0F0 /* CKSIncrementalStore_OSXDemo.xcdatamodeld */; };
		101AD10A1AF782080022D0F0 /* Images.xcassets in Resources */ = {isa = PBXBuildFile; fileRef = 101AD1091AF782080022D0F0 /* Images.xcassets */; };
		101AD10D1AF782090022D0F0 /* Main.storyboard in Resources */ = {isa = PBXBuildFile; fileRef = 101AD10B1AF782090022D0F0 /* Main.storyboard */; };
		101AD1191AF782090022D0F0 /* CKSIncrementalStore_OSXDemoTests.swift in Sources */ = {isa = PBXBuildFile; fileRef = 101AD1181AF782090022D0F0 /* CKSIncrementalStore_OSXDemoTests.swift */; };
/* End PBXBuildFile section */

/* Begin PBXContainerItemProxy section */
		101AD1131AF782090022D0F0 /* PBXContainerItemProxy */ = {
			isa = PBXContainerItemProxy;
			containerPortal = 101AD0F51AF782070022D0F0 /* Project object */;
			proxyType = 1;
			remoteGlobalIDString = 101AD0FC1AF782080022D0F0;
			remoteInfo = "CKSIncrementalStore-OSXDemo";
		};
/* End PBXContainerItemProxy section */

/* Begin PBXFileReference section */
		101AD0FD1AF782080022D0F0 /* CKSIncrementalStore-OSXDemo.app */ = {isa = PBXFileReference; explicitFileType = wrapper.application; includeInIndex = 0; path = "CKSIncrementalStore-OSXDemo.app"; sourceTree = BUILT_PRODUCTS_DIR; };
		101AD1011AF782080022D0F0 /* Info.plist */ = {isa = PBXFileReference; lastKnownFileType = text.plist.xml; path = Info.plist; sourceTree = "<group>"; };
		101AD1021AF782080022D0F0 /* AppDelegate.swift */ = {isa = PBXFileReference; lastKnownFileType = sourcecode.swift; path = AppDelegate.swift; sourceTree = "<group>"; };
		101AD1041AF782080022D0F0 /* ViewController.swift */ = {isa = PBXFileReference; lastKnownFileType = sourcecode.swift; path = ViewController.swift; sourceTree = "<group>"; };
		101AD1071AF782080022D0F0 /* CKSIncrementalStore_OSXDemo.xcdatamodel */ = {isa = PBXFileReference; lastKnownFileType = wrapper.xcdatamodel; path = CKSIncrementalStore_OSXDemo.xcdatamodel; sourceTree = "<group>"; };
		101AD1091AF782080022D0F0 /* Images.xcassets */ = {isa = PBXFileReference; lastKnownFileType = folder.assetcatalog; path = Images.xcassets; sourceTree = "<group>"; };
		101AD10C1AF782090022D0F0 /* Base */ = {isa = PBXFileReference; lastKnownFileType = file.storyboard; name = Base; path = Base.lproj/Main.storyboard; sourceTree = "<group>"; };
		101AD1121AF782090022D0F0 /* CKSIncrementalStore-OSXDemoTests.xctest */ = {isa = PBXFileReference; explicitFileType = wrapper.cfbundle; includeInIndex = 0; path = "CKSIncrementalStore-OSXDemoTests.xctest"; sourceTree = BUILT_PRODUCTS_DIR; };
		101AD1171AF782090022D0F0 /* Info.plist */ = {isa = PBXFileReference; lastKnownFileType = text.plist.xml; path = Info.plist; sourceTree = "<group>"; };
		101AD1181AF782090022D0F0 /* CKSIncrementalStore_OSXDemoTests.swift */ = {isa = PBXFileReference; lastKnownFileType = sourcecode.swift; path = CKSIncrementalStore_OSXDemoTests.swift; sourceTree = "<group>"; };
/* End PBXFileReference section */

/* Begin PBXFrameworksBuildPhase section */
		101AD0FA1AF782080022D0F0 /* Frameworks */ = {
			isa = PBXFrameworksBuildPhase;
			buildActionMask = 2147483647;
			files = (
			);
			runOnlyForDeploymentPostprocessing = 0;
		};
		101AD10F1AF782090022D0F0 /* Frameworks */ = {
			isa = PBXFrameworksBuildPhase;
			buildActionMask = 2147483647;
			files = (
			);
			runOnlyForDeploymentPostprocessing = 0;
		};
/* End PBXFrameworksBuildPhase section */

/* Begin PBXGroup section */
		101AD0F41AF782070022D0F0 = {
			isa = PBXGroup;
			children = (
				101AD0FF1AF782080022D0F0 /* CKSIncrementalStore-OSXDemo */,
				101AD1151AF782090022D0F0 /* CKSIncrementalStore-OSXDemoTests */,
				101AD0FE1AF782080022D0F0 /* Products */,
			);
			sourceTree = "<group>";
		};
		101AD0FE1AF782080022D0F0 /* Products */ = {
			isa = PBXGroup;
			children = (
				101AD0FD1AF782080022D0F0 /* CKSIncrementalStore-OSXDemo.app */,
				101AD1121AF782090022D0F0 /* CKSIncrementalStore-OSXDemoTests.xctest */,
			);
			name = Products;
			sourceTree = "<group>";
		};
		101AD0FF1AF782080022D0F0 /* CKSIncrementalStore-OSXDemo */ = {
			isa = PBXGroup;
			children = (
				101AD1021AF782080022D0F0 /* AppDelegate.swift */,
				101AD1041AF782080022D0F0 /* ViewController.swift */,
				101AD1091AF782080022D0F0 /* Images.xcassets */,
				101AD10B1AF782090022D0F0 /* Main.storyboard */,
				101AD1061AF782080022D0F0 /* CKSIncrementalStore_OSXDemo.xcdatamodeld */,
				101AD1001AF782080022D0F0 /* Supporting Files */,
			);
			path = "CKSIncrementalStore-OSXDemo";
			sourceTree = "<group>";
		};
		101AD1001AF782080022D0F0 /* Supporting Files */ = {
			isa = PBXGroup;
			children = (
				101AD1011AF782080022D0F0 /* Info.plist */,
			);
			name = "Supporting Files";
			sourceTree = "<group>";
		};
		101AD1151AF782090022D0F0 /* CKSIncrementalStore-OSXDemoTests */ = {
			isa = PBXGroup;
			children = (
				101AD1181AF782090022D0F0 /* CKSIncrementalStore_OSXDemoTests.swift */,
				101AD1161AF782090022D0F0 /* Supporting Files */,
			);
			path = "CKSIncrementalStore-OSXDemoTests";
			sourceTree = "<group>";
		};
		101AD1161AF782090022D0F0 /* Supporting Files */ = {
			isa = PBXGroup;
			children = (
				101AD1171AF782090022D0F0 /* Info.plist */,
			);
			name = "Supporting Files";
			sourceTree = "<group>";
		};
/* End PBXGroup section */

/* Begin PBXNativeTarget section */
		101AD0FC1AF782080022D0F0 /* CKSIncrementalStore-OSXDemo */ = {
			isa = PBXNativeTarget;
			buildConfigurationList = 101AD11C1AF782090022D0F0 /* Build configuration list for PBXNativeTarget "CKSIncrementalStore-OSXDemo" */;
			buildPhases = (
				101AD0F91AF782080022D0F0 /* Sources */,
				101AD0FA1AF782080022D0F0 /* Frameworks */,
				101AD0FB1AF782080022D0F0 /* Resources */,
			);
			buildRules = (
			);
			dependencies = (
			);
			name = "CKSIncrementalStore-OSXDemo";
			productName = "CKSIncrementalStore-OSXDemo";
			productReference = 101AD0FD1AF782080022D0F0 /* CKSIncrementalStore-OSXDemo.app */;
			productType = "com.apple.product-type.application";
		};
		101AD1111AF782090022D0F0 /* CKSIncrementalStore-OSXDemoTests */ = {
			isa = PBXNativeTarget;
			buildConfigurationList = 101AD11F1AF782090022D0F0 /* Build configuration list for PBXNativeTarget "CKSIncrementalStore-OSXDemoTests" */;
			buildPhases = (
				101AD10E1AF782090022D0F0 /* Sources */,
				101AD10F1AF782090022D0F0 /* Frameworks */,
				101AD1101AF782090022D0F0 /* Resources */,
			);
			buildRules = (
			);
			dependencies = (
				101AD1141AF782090022D0F0 /* PBXTargetDependency */,
			);
			name = "CKSIncrementalStore-OSXDemoTests";
			productName = "CKSIncrementalStore-OSXDemoTests";
			productReference = 101AD1121AF782090022D0F0 /* CKSIncrementalStore-OSXDemoTests.xctest */;
			productType = "com.apple.product-type.bundle.unit-test";
		};
/* End PBXNativeTarget section */

/* Begin PBXProject section */
		101AD0F51AF782070022D0F0 /* Project object */ = {
			isa = PBXProject;
			attributes = {
				LastUpgradeCheck = 0630;
				ORGANIZATIONNAME = CloudKitSpace;
				TargetAttributes = {
					101AD0FC1AF782080022D0F0 = {
						CreatedOnToolsVersion = 6.3;
					};
					101AD1111AF782090022D0F0 = {
						CreatedOnToolsVersion = 6.3;
						TestTargetID = 101AD0FC1AF782080022D0F0;
					};
				};
			};
			buildConfigurationList = 101AD0F81AF782070022D0F0 /* Build configuration list for PBXProject "CKSIncrementalStore-OSXDemo" */;
			compatibilityVersion = "Xcode 3.2";
			developmentRegion = English;
			hasScannedForEncodings = 0;
			knownRegions = (
				en,
				Base,
			);
			mainGroup = 101AD0F41AF782070022D0F0;
			productRefGroup = 101AD0FE1AF782080022D0F0 /* Products */;
			projectDirPath = "";
			projectRoot = "";
			targets = (
				101AD0FC1AF782080022D0F0 /* CKSIncrementalStore-OSXDemo */,
				101AD1111AF782090022D0F0 /* CKSIncrementalStore-OSXDemoTests */,
			);
		};
/* End PBXProject section */

/* Begin PBXResourcesBuildPhase section */
		101AD0FB1AF782080022D0F0 /* Resources */ = {
			isa = PBXResourcesBuildPhase;
			buildActionMask = 2147483647;
			files = (
				101AD10A1AF782080022D0F0 /* Images.xcassets in Resources */,
				101AD10D1AF782090022D0F0 /* Main.storyboard in Resources */,
			);
			runOnlyForDeploymentPostprocessing = 0;
		};
		101AD1101AF782090022D0F0 /* Resources */ = {
			isa = PBXResourcesBuildPhase;
			buildActionMask = 2147483647;
			files = (
			);
			runOnlyForDeploymentPostprocessing = 0;
		};
/* End PBXResourcesBuildPhase section */

/* Begin PBXSourcesBuildPhase section */
		101AD0F91AF782080022D0F0 /* Sources */ = {
			isa = PBXSourcesBuildPhase;
			buildActionMask = 2147483647;
			files = (
				101AD1051AF782080022D0F0 /* ViewController.swift in Sources */,
				101AD1031AF782080022D0F0 /* AppDelegate.swift in Sources */,
				101AD1081AF782080022D0F0 /* CKSIncrementalStore_OSXDemo.xcdatamodeld in Sources */,
			);
			runOnlyForDeploymentPostprocessing = 0;
		};
		101AD10E1AF782090022D0F0 /* Sources */ = {
			isa = PBXSourcesBuildPhase;
			buildActionMask = 2147483647;
			files = (
				101AD1191AF782090022D0F0 /* CKSIncrementalStore_OSXDemoTests.swift in Sources */,
			);
			runOnlyForDeploymentPostprocessing = 0;
		};
/* End PBXSourcesBuildPhase section */

/* Begin PBXTargetDependency section */
		101AD1141AF782090022D0F0 /* PBXTargetDependency */ = {
			isa = PBXTargetDependency;
			target = 101AD0FC1AF782080022D0F0 /* CKSIncrementalStore-OSXDemo */;
			targetProxy = 101AD1131AF782090022D0F0 /* PBXContainerItemProxy */;
		};
/* End PBXTargetDependency section */

/* Begin PBXVariantGroup section */
		101AD10B1AF782090022D0F0 /* Main.storyboard */ = {
			isa = PBXVariantGroup;
			children = (
				101AD10C1AF782090022D0F0 /* Base */,
			);
			name = Main.storyboard;
			sourceTree = "<group>";
		};
/* End PBXVariantGroup section */

/* Begin XCBuildConfiguration section */
		101AD11A1AF782090022D0F0 /* Debug */ = {
			isa = XCBuildConfiguration;
			buildSettings = {
				ALWAYS_SEARCH_USER_PATHS = NO;
				CLANG_CXX_LANGUAGE_STANDARD = "gnu++0x";
				CLANG_CXX_LIBRARY = "libc++";
				CLANG_ENABLE_MODULES = YES;
				CLANG_ENABLE_OBJC_ARC = YES;
				CLANG_WARN_BOOL_CONVERSION = YES;
				CLANG_WARN_CONSTANT_CONVERSION = YES;
				CLANG_WARN_DIRECT_OBJC_ISA_USAGE = YES_ERROR;
				CLANG_WARN_EMPTY_BODY = YES;
				CLANG_WARN_ENUM_CONVERSION = YES;
				CLANG_WARN_INT_CONVERSION = YES;
				CLANG_WARN_OBJC_ROOT_CLASS = YES_ERROR;
				CLANG_WARN_UNREACHABLE_CODE = YES;
				CLANG_WARN__DUPLICATE_METHOD_MATCH = YES;
				CODE_SIGN_IDENTITY = "-";
				COPY_PHASE_STRIP = NO;
				DEBUG_INFORMATION_FORMAT = dwarf;
				ENABLE_STRICT_OBJC_MSGSEND = YES;
				GCC_C_LANGUAGE_STANDARD = gnu99;
				GCC_DYNAMIC_NO_PIC = NO;
				GCC_NO_COMMON_BLOCKS = YES;
				GCC_OPTIMIZATION_LEVEL = 0;
				GCC_PREPROCESSOR_DEFINITIONS = (
					"DEBUG=1",
					"$(inherited)",
				);
				GCC_SYMBOLS_PRIVATE_EXTERN = NO;
				GCC_WARN_64_TO_32_BIT_CONVERSION = YES;
				GCC_WARN_ABOUT_RETURN_TYPE = YES_ERROR;
				GCC_WARN_UNDECLARED_SELECTOR = YES;
				GCC_WARN_UNINITIALIZED_AUTOS = YES_AGGRESSIVE;
				GCC_WARN_UNUSED_FUNCTION = YES;
				GCC_WARN_UNUSED_VARIABLE = YES;
				MACOSX_DEPLOYMENT_TARGET = 10.10;
				MTL_ENABLE_DEBUG_INFO = YES;
				ONLY_ACTIVE_ARCH = YES;
				SDKROOT = macosx;
				SWIFT_OPTIMIZATION_LEVEL = "-Onone";
			};
			name = Debug;
		};
		101AD11B1AF782090022D0F0 /* Release */ = {
			isa = XCBuildConfiguration;
			buildSettings = {
				ALWAYS_SEARCH_USER_PATHS = NO;
				CLANG_CXX_LANGUAGE_STANDARD = "gnu++0x";
				CLANG_CXX_LIBRARY = "libc++";
				CLANG_ENABLE_MODULES = YES;
				CLANG_ENABLE_OBJC_ARC = YES;
				CLANG_WARN_BOOL_CONVERSION = YES;
				CLANG_WARN_CONSTANT_CONVERSION = YES;
				CLANG_WARN_DIRECT_OBJC_ISA_USAGE = YES_ERROR;
				CLANG_WARN_EMPTY_BODY = YES;
				CLANG_WARN_ENUM_CONVERSION = YES;
				CLANG_WARN_INT_CONVERSION = YES;
				CLANG_WARN_OBJC_ROOT_CLASS = YES_ERROR;
				CLANG_WARN_UNREACHABLE_CODE = YES;
				CLANG_WARN__DUPLICATE_METHOD_MATCH = YES;
				CODE_SIGN_IDENTITY = "-";
				COPY_PHASE_STRIP = NO;
				DEBUG_INFORMATION_FORMAT = "dwarf-with-dsym";
				ENABLE_NS_ASSERTIONS = NO;
				ENABLE_STRICT_OBJC_MSGSEND = YES;
				GCC_C_LANGUAGE_STANDARD = gnu99;
				GCC_NO_COMMON_BLOCKS = YES;
				GCC_WARN_64_TO_32_BIT_CONVERSION = YES;
				GCC_WARN_ABOUT_RETURN_TYPE = YES_ERROR;
				GCC_WARN_UNDECLARED_SELECTOR = YES;
				GCC_WARN_UNINITIALIZED_AUTOS = YES_AGGRESSIVE;
				GCC_WARN_UNUSED_FUNCTION = YES;
				GCC_WARN_UNUSED_VARIABLE = YES;
				MACOSX_DEPLOYMENT_TARGET = 10.10;
				MTL_ENABLE_DEBUG_INFO = NO;
				SDKROOT = macosx;
			};
			name = Release;
		};
		101AD11D1AF782090022D0F0 /* Debug */ = {
			isa = XCBuildConfiguration;
			buildSettings = {
				ASSETCATALOG_COMPILER_APPICON_NAME = AppIcon;
				COMBINE_HIDPI_IMAGES = YES;
				INFOPLIST_FILE = "CKSIncrementalStore-OSXDemo/Info.plist";
				LD_RUNPATH_SEARCH_PATHS = "$(inherited) @executable_path/../Frameworks";
				PRODUCT_NAME = "$(TARGET_NAME)";
			};
			name = Debug;
		};
		101AD11E1AF782090022D0F0 /* Release */ = {
			isa = XCBuildConfiguration;
			buildSettings = {
				ASSETCATALOG_COMPILER_APPICON_NAME = AppIcon;
				COMBINE_HIDPI_IMAGES = YES;
				INFOPLIST_FILE = "CKSIncrementalStore-OSXDemo/Info.plist";
				LD_RUNPATH_SEARCH_PATHS = "$(inherited) @executable_path/../Frameworks";
				PRODUCT_NAME = "$(TARGET_NAME)";
			};
			name = Release;
		};
		101AD1201AF782090022D0F0 /* Debug */ = {
			isa = XCBuildConfiguration;
			buildSettings = {
				BUNDLE_LOADER = "$(TEST_HOST)";
				COMBINE_HIDPI_IMAGES = YES;
				FRAMEWORK_SEARCH_PATHS = (
					"$(DEVELOPER_FRAMEWORKS_DIR)",
					"$(inherited)",
				);
				GCC_PREPROCESSOR_DEFINITIONS = (
					"DEBUG=1",
					"$(inherited)",
				);
				INFOPLIST_FILE = "CKSIncrementalStore-OSXDemoTests/Info.plist";
				LD_RUNPATH_SEARCH_PATHS = "$(inherited) @executable_path/../Frameworks @loader_path/../Frameworks";
				PRODUCT_NAME = "$(TARGET_NAME)";
				TEST_HOST = "$(BUILT_PRODUCTS_DIR)/CKSIncrementalStore-OSXDemo.app/Contents/MacOS/CKSIncrementalStore-OSXDemo";
			};
			name = Debug;
		};
		101AD1211AF782090022D0F0 /* Release */ = {
			isa = XCBuildConfiguration;
			buildSettings = {
				BUNDLE_LOADER = "$(TEST_HOST)";
				COMBINE_HIDPI_IMAGES = YES;
				FRAMEWORK_SEARCH_PATHS = (
					"$(DEVELOPER_FRAMEWORKS_DIR)",
					"$(inherited)",
				);
				INFOPLIST_FILE = "CKSIncrementalStore-OSXDemoTests/Info.plist";
				LD_RUNPATH_SEARCH_PATHS = "$(inherited) @executable_path/../Frameworks @loader_path/../Frameworks";
				PRODUCT_NAME = "$(TARGET_NAME)";
				TEST_HOST = "$(BUILT_PRODUCTS_DIR)/CKSIncrementalStore-OSXDemo.app/Contents/MacOS/CKSIncrementalStore-OSXDemo";
			};
			name = Release;
		};
/* End XCBuildConfiguration section */

/* Begin XCConfigurationList section */
		101AD0F81AF782070022D0F0 /* Build configuration list for PBXProject "CKSIncrementalStore-OSXDemo" */ = {
			isa = XCConfigurationList;
			buildConfigurations = (
				101AD11A1AF782090022D0F0 /* Debug */,
				101AD11B1AF782090022D0F0 /* Release */,
			);
			defaultConfigurationIsVisible = 0;
			defaultConfigurationName = Release;
		};
		101AD11C1AF782090022D0F0 /* Build configuration list for PBXNativeTarget "CKSIncrementalStore-OSXDemo" */ = {
			isa = XCConfigurationList;
			buildConfigurations = (
				101AD11D1AF782090022D0F0 /* Debug */,
				101AD11E1AF782090022D0F0 /* Release */,
			);
			defaultConfigurationIsVisible = 0;
			defaultConfigurationName = Release;
		};
		101AD11F1AF782090022D0F0 /* Build configuration list for PBXNativeTarget "CKSIncrementalStore-OSXDemoTests" */ = {
			isa = XCConfigurationList;
			buildConfigurations = (
				101AD1201AF782090022D0F0 /* Debug */,
				101AD1211AF782090022D0F0 /* Release */,
			);
			defaultConfigurationIsVisible = 0;
			defaultConfigurationName = Release;
		};
/* End XCConfigurationList section */

/* Begin XCVersionGroup section */
		101AD1061AF782080022D0F0 /* CKSIncrementalStore_OSXDemo.xcdatamodeld */ = {
			isa = XCVersionGroup;
			children = (
				101AD1071AF782080022D0F0 /* CKSIncrementalStore_OSXDemo.xcdatamodel */,
			);
			currentVersion = 101AD1071AF782080022D0F0 /* CKSIncrementalStore_OSXDemo.xcdatamodel */;
			path = CKSIncrementalStore_OSXDemo.xcdatamodeld;
			sourceTree = "<group>";
			versionGroupType = wrapper.xcdatamodel;
		};
/* End XCVersionGroup section */
	};
	rootObject = 101AD0F51AF782070022D0F0 /* Project object */;
}
