// !$*UTF8*$!
{
	archiveVersion = 1;
	classes = {
	};
	objectVersion = 46;
	objects = {

/* Begin PBXBuildFile section */
		10471BF91B389CFA007AA343 /* AppDelegate.swift in Sources */ = {isa = PBXBuildFile; fileRef = 10471BF81B389CFA007AA343 /* AppDelegate.swift */; };
		10471BFC1B389CFA007AA343 /* CKSIncrementalStoreDemo.xcdatamodeld in Sources */ = {isa = PBXBuildFile; fileRef = 10471BFA1B389CFA007AA343 /* CKSIncrementalStoreDemo.xcdatamodeld */; };
		10471BFE1B389CFA007AA343 /* ViewController.swift in Sources */ = {isa = PBXBuildFile; fileRef = 10471BFD1B389CFA007AA343 /* ViewController.swift */; };
		10471C011B389CFA007AA343 /* Main.storyboard in Resources */ = {isa = PBXBuildFile; fileRef = 10471BFF1B389CFA007AA343 /* Main.storyboard */; };
		10471C031B389CFA007AA343 /* Images.xcassets in Resources */ = {isa = PBXBuildFile; fileRef = 10471C021B389CFA007AA343 /* Images.xcassets */; };
		10471C061B389CFA007AA343 /* LaunchScreen.xib in Resources */ = {isa = PBXBuildFile; fileRef = 10471C041B389CFA007AA343 /* LaunchScreen.xib */; };
		10471C121B389CFA007AA343 /* CKSIncrementalStoreDemoTests.swift in Sources */ = {isa = PBXBuildFile; fileRef = 10471C111B389CFA007AA343 /* CKSIncrementalStoreDemoTests.swift */; };
		10471C1D1B389D3B007AA343 /* CoreDataStack.swift in Sources */ = {isa = PBXBuildFile; fileRef = 10471C1C1B389D3B007AA343 /* CoreDataStack.swift */; };
		10471C201B389D7B007AA343 /* Task.swift in Sources */ = {isa = PBXBuildFile; fileRef = 10471C1F1B389D7B007AA343 /* Task.swift */; };
		10471C221B389DD9007AA343 /* CKSIncrementalStore.swift in Sources */ = {isa = PBXBuildFile; fileRef = 10471C211B389DD9007AA343 /* CKSIncrementalStore.swift */; };
		10471C241B389E60007AA343 /* CloudKit.framework in Frameworks */ = {isa = PBXBuildFile; fileRef = 10471C231B389E60007AA343 /* CloudKit.framework */; };
/* End PBXBuildFile section */

/* Begin PBXContainerItemProxy section */
		10471C0C1B389CFA007AA343 /* PBXContainerItemProxy */ = {
			isa = PBXContainerItemProxy;
			containerPortal = 10471BEB1B389CF7007AA343 /* Project object */;
			proxyType = 1;
			remoteGlobalIDString = 10471BF21B389CF8007AA343;
			remoteInfo = CKSIncrementalStoreDemo;
		};
/* End PBXContainerItemProxy section */

/* Begin PBXFileReference section */
		10471BF31B389CF8007AA343 /* CKSIncrementalStoreDemo.app */ = {isa = PBXFileReference; explicitFileType = wrapper.application; includeInIndex = 0; path = CKSIncrementalStoreDemo.app; sourceTree = BUILT_PRODUCTS_DIR; };
		10471BF71B389CFA007AA343 /* Info.plist */ = {isa = PBXFileReference; lastKnownFileType = text.plist.xml; path = Info.plist; sourceTree = "<group>"; };
		10471BF81B389CFA007AA343 /* AppDelegate.swift */ = {isa = PBXFileReference; lastKnownFileType = sourcecode.swift; path = AppDelegate.swift; sourceTree = "<group>"; };
		10471BFB1B389CFA007AA343 /* CKSIncrementalStoreDemo.xcdatamodel */ = {isa = PBXFileReference; lastKnownFileType = wrapper.xcdatamodel; path = CKSIncrementalStoreDemo.xcdatamodel; sourceTree = "<group>"; };
		10471BFD1B389CFA007AA343 /* ViewController.swift */ = {isa = PBXFileReference; lastKnownFileType = sourcecode.swift; path = ViewController.swift; sourceTree = "<group>"; };
		10471C001B389CFA007AA343 /* Base */ = {isa = PBXFileReference; lastKnownFileType = file.storyboard; name = Base; path = Base.lproj/Main.storyboard; sourceTree = "<group>"; };
		10471C021B389CFA007AA343 /* Images.xcassets */ = {isa = PBXFileReference; lastKnownFileType = folder.assetcatalog; path = Images.xcassets; sourceTree = "<group>"; };
		10471C051B389CFA007AA343 /* Base */ = {isa = PBXFileReference; lastKnownFileType = file.xib; name = Base; path = Base.lproj/LaunchScreen.xib; sourceTree = "<group>"; };
		10471C0B1B389CFA007AA343 /* CKSIncrementalStoreDemoTests.xctest */ = {isa = PBXFileReference; explicitFileType = wrapper.cfbundle; includeInIndex = 0; path = CKSIncrementalStoreDemoTests.xctest; sourceTree = BUILT_PRODUCTS_DIR; };
		10471C101B389CFA007AA343 /* Info.plist */ = {isa = PBXFileReference; lastKnownFileType = text.plist.xml; path = Info.plist; sourceTree = "<group>"; };
		10471C111B389CFA007AA343 /* CKSIncrementalStoreDemoTests.swift */ = {isa = PBXFileReference; lastKnownFileType = sourcecode.swift; path = CKSIncrementalStoreDemoTests.swift; sourceTree = "<group>"; };
		10471C1B1B389D0B007AA343 /* CKSIncrementalStoreDemo.entitlements */ = {isa = PBXFileReference; lastKnownFileType = text.xml; path = CKSIncrementalStoreDemo.entitlements; sourceTree = "<group>"; };
		10471C1C1B389D3B007AA343 /* CoreDataStack.swift */ = {isa = PBXFileReference; fileEncoding = 4; lastKnownFileType = sourcecode.swift; path = CoreDataStack.swift; sourceTree = "<group>"; };
		10471C1F1B389D7B007AA343 /* Task.swift */ = {isa = PBXFileReference; fileEncoding = 4; lastKnownFileType = sourcecode.swift; path = Task.swift; sourceTree = "<group>"; };
		10471C211B389DD9007AA343 /* CKSIncrementalStore.swift */ = {isa = PBXFileReference; fileEncoding = 4; lastKnownFileType = sourcecode.swift; name = CKSIncrementalStore.swift; path = ../../CKSIncrementalStore/CKSIncrementalStore.swift; sourceTree = "<group>"; };
		10471C231B389E60007AA343 /* CloudKit.framework */ = {isa = PBXFileReference; lastKnownFileType = wrapper.framework; name = CloudKit.framework; path = System/Library/Frameworks/CloudKit.framework; sourceTree = SDKROOT; };
/* End PBXFileReference section */

/* Begin PBXFrameworksBuildPhase section */
		10471BF01B389CF8007AA343 /* Frameworks */ = {
			isa = PBXFrameworksBuildPhase;
			buildActionMask = 2147483647;
			files = (
				10471C241B389E60007AA343 /* CloudKit.framework in Frameworks */,
			);
			runOnlyForDeploymentPostprocessing = 0;
		};
		10471C081B389CFA007AA343 /* Frameworks */ = {
			isa = PBXFrameworksBuildPhase;
			buildActionMask = 2147483647;
			files = (
			);
			runOnlyForDeploymentPostprocessing = 0;
		};
/* End PBXFrameworksBuildPhase section */

/* Begin PBXGroup section */
		10471BEA1B389CF7007AA343 = {
			isa = PBXGroup;
			children = (
				10471C231B389E60007AA343 /* CloudKit.framework */,
				10471BF51B389CF8007AA343 /* CKSIncrementalStoreDemo */,
				10471C0E1B389CFA007AA343 /* CKSIncrementalStoreDemoTests */,
				10471BF41B389CF8007AA343 /* Products */,
			);
			sourceTree = "<group>";
		};
		10471BF41B389CF8007AA343 /* Products */ = {
			isa = PBXGroup;
			children = (
				10471BF31B389CF8007AA343 /* CKSIncrementalStoreDemo.app */,
				10471C0B1B389CFA007AA343 /* CKSIncrementalStoreDemoTests.xctest */,
			);
			name = Products;
			sourceTree = "<group>";
		};
		10471BF51B389CF8007AA343 /* CKSIncrementalStoreDemo */ = {
			isa = PBXGroup;
			children = (
				10471C211B389DD9007AA343 /* CKSIncrementalStore.swift */,
				10471C1E1B389D64007AA343 /* CoreDataModels */,
				10471C1B1B389D0B007AA343 /* CKSIncrementalStoreDemo.entitlements */,
				10471BF81B389CFA007AA343 /* AppDelegate.swift */,
				10471BFD1B389CFA007AA343 /* ViewController.swift */,
				10471BFF1B389CFA007AA343 /* Main.storyboard */,
				10471C021B389CFA007AA343 /* Images.xcassets */,
				10471C041B389CFA007AA343 /* LaunchScreen.xib */,
				10471BFA1B389CFA007AA343 /* CKSIncrementalStoreDemo.xcdatamodeld */,
				10471BF61B389CF9007AA343 /* Supporting Files */,
				10471C1C1B389D3B007AA343 /* CoreDataStack.swift */,
			);
			path = CKSIncrementalStoreDemo;
			sourceTree = "<group>";
		};
		10471BF61B389CF9007AA343 /* Supporting Files */ = {
			isa = PBXGroup;
			children = (
				10471BF71B389CFA007AA343 /* Info.plist */,
			);
			name = "Supporting Files";
			sourceTree = "<group>";
		};
		10471C0E1B389CFA007AA343 /* CKSIncrementalStoreDemoTests */ = {
			isa = PBXGroup;
			children = (
				10471C111B389CFA007AA343 /* CKSIncrementalStoreDemoTests.swift */,
				10471C0F1B389CFA007AA343 /* Supporting Files */,
			);
			path = CKSIncrementalStoreDemoTests;
			sourceTree = "<group>";
		};
		10471C0F1B389CFA007AA343 /* Supporting Files */ = {
			isa = PBXGroup;
			children = (
				10471C101B389CFA007AA343 /* Info.plist */,
			);
			name = "Supporting Files";
			sourceTree = "<group>";
		};
		10471C1E1B389D64007AA343 /* CoreDataModels */ = {
			isa = PBXGroup;
			children = (
				10471C1F1B389D7B007AA343 /* Task.swift */,
			);
			name = CoreDataModels;
			sourceTree = "<group>";
		};
/* End PBXGroup section */

/* Begin PBXNativeTarget section */
		10471BF21B389CF8007AA343 /* CKSIncrementalStoreDemo */ = {
			isa = PBXNativeTarget;
			buildConfigurationList = 10471C151B389CFA007AA343 /* Build configuration list for PBXNativeTarget "CKSIncrementalStoreDemo" */;
			buildPhases = (
				10471BEF1B389CF8007AA343 /* Sources */,
				10471BF01B389CF8007AA343 /* Frameworks */,
				10471BF11B389CF8007AA343 /* Resources */,
			);
			buildRules = (
			);
			dependencies = (
			);
			name = CKSIncrementalStoreDemo;
			productName = CKSIncrementalStoreDemo;
			productReference = 10471BF31B389CF8007AA343 /* CKSIncrementalStoreDemo.app */;
			productType = "com.apple.product-type.application";
		};
		10471C0A1B389CFA007AA343 /* CKSIncrementalStoreDemoTests */ = {
			isa = PBXNativeTarget;
			buildConfigurationList = 10471C181B389CFA007AA343 /* Build configuration list for PBXNativeTarget "CKSIncrementalStoreDemoTests" */;
			buildPhases = (
				10471C071B389CFA007AA343 /* Sources */,
				10471C081B389CFA007AA343 /* Frameworks */,
				10471C091B389CFA007AA343 /* Resources */,
			);
			buildRules = (
			);
			dependencies = (
				10471C0D1B389CFA007AA343 /* PBXTargetDependency */,
			);
			name = CKSIncrementalStoreDemoTests;
			productName = CKSIncrementalStoreDemoTests;
			productReference = 10471C0B1B389CFA007AA343 /* CKSIncrementalStoreDemoTests.xctest */;
			productType = "com.apple.product-type.bundle.unit-test";
		};
/* End PBXNativeTarget section */

/* Begin PBXProject section */
		10471BEB1B389CF7007AA343 /* Project object */ = {
			isa = PBXProject;
			attributes = {
				LastSwiftUpdateCheck = 0700;
				LastUpgradeCheck = 0630;
				ORGANIZATIONNAME = CloudKitSpace;
				TargetAttributes = {
					10471BF21B389CF8007AA343 = {
						CreatedOnToolsVersion = 6.3.2;
						DevelopmentTeam = UBAKNBA97C;
						SystemCapabilities = {
							com.apple.iCloud = {
								enabled = 1;
							};
						};
					};
					10471C0A1B389CFA007AA343 = {
						CreatedOnToolsVersion = 6.3.2;
						TestTargetID = 10471BF21B389CF8007AA343;
					};
				};
			};
			buildConfigurationList = 10471BEE1B389CF7007AA343 /* Build configuration list for PBXProject "CKSIncrementalStoreDemo" */;
			compatibilityVersion = "Xcode 3.2";
			developmentRegion = English;
			hasScannedForEncodings = 0;
			knownRegions = (
				en,
				Base,
			);
			mainGroup = 10471BEA1B389CF7007AA343;
			productRefGroup = 10471BF41B389CF8007AA343 /* Products */;
			projectDirPath = "";
			projectRoot = "";
			targets = (
				10471BF21B389CF8007AA343 /* CKSIncrementalStoreDemo */,
				10471C0A1B389CFA007AA343 /* CKSIncrementalStoreDemoTests */,
			);
		};
/* End PBXProject section */

/* Begin PBXResourcesBuildPhase section */
		10471BF11B389CF8007AA343 /* Resources */ = {
			isa = PBXResourcesBuildPhase;
			buildActionMask = 2147483647;
			files = (
				10471C011B389CFA007AA343 /* Main.storyboard in Resources */,
				10471C061B389CFA007AA343 /* LaunchScreen.xib in Resources */,
				10471C031B389CFA007AA343 /* Images.xcassets in Resources */,
			);
			runOnlyForDeploymentPostprocessing = 0;
		};
		10471C091B389CFA007AA343 /* Resources */ = {
			isa = PBXResourcesBuildPhase;
			buildActionMask = 2147483647;
			files = (
			);
			runOnlyForDeploymentPostprocessing = 0;
		};
/* End PBXResourcesBuildPhase section */

/* Begin PBXSourcesBuildPhase section */
		10471BEF1B389CF8007AA343 /* Sources */ = {
			isa = PBXSourcesBuildPhase;
			buildActionMask = 2147483647;
			files = (
				10471BFE1B389CFA007AA343 /* ViewController.swift in Sources */,
				10471BF91B389CFA007AA343 /* AppDelegate.swift in Sources */,
				10471C221B389DD9007AA343 /* CKSIncrementalStore.swift in Sources */,
				10471C201B389D7B007AA343 /* Task.swift in Sources */,
				10471BFC1B389CFA007AA343 /* CKSIncrementalStoreDemo.xcdatamodeld in Sources */,
				10471C1D1B389D3B007AA343 /* CoreDataStack.swift in Sources */,
			);
			runOnlyForDeploymentPostprocessing = 0;
		};
		10471C071B389CFA007AA343 /* Sources */ = {
			isa = PBXSourcesBuildPhase;
			buildActionMask = 2147483647;
			files = (
				10471C121B389CFA007AA343 /* CKSIncrementalStoreDemoTests.swift in Sources */,
			);
			runOnlyForDeploymentPostprocessing = 0;
		};
/* End PBXSourcesBuildPhase section */

/* Begin PBXTargetDependency section */
		10471C0D1B389CFA007AA343 /* PBXTargetDependency */ = {
			isa = PBXTargetDependency;
			target = 10471BF21B389CF8007AA343 /* CKSIncrementalStoreDemo */;
			targetProxy = 10471C0C1B389CFA007AA343 /* PBXContainerItemProxy */;
		};
/* End PBXTargetDependency section */

/* Begin PBXVariantGroup section */
		10471BFF1B389CFA007AA343 /* Main.storyboard */ = {
			isa = PBXVariantGroup;
			children = (
				10471C001B389CFA007AA343 /* Base */,
			);
			name = Main.storyboard;
			sourceTree = "<group>";
		};
		10471C041B389CFA007AA343 /* LaunchScreen.xib */ = {
			isa = PBXVariantGroup;
			children = (
				10471C051B389CFA007AA343 /* Base */,
			);
			name = LaunchScreen.xib;
			sourceTree = "<group>";
		};
/* End PBXVariantGroup section */

/* Begin XCBuildConfiguration section */
		10471C131B389CFA007AA343 /* Debug */ = {
			isa = XCBuildConfiguration;
			buildSettings = {
				ALWAYS_SEARCH_USER_PATHS = NO;
				CLANG_CXX_LANGUAGE_STANDARD = "gnu++0x";
				CLANG_CXX_LIBRARY = "libc++";
				CLANG_ENABLE_MODULES = YES;
				CLANG_ENABLE_OBJC_ARC = YES;
				CLANG_WARN_BOOL_CONVERSION = YES;
				CLANG_WARN_CONSTANT_CONVERSION = YES;
				CLANG_WARN_DIRECT_OBJC_ISA_USAGE = YES_ERROR;
				CLANG_WARN_EMPTY_BODY = YES;
				CLANG_WARN_ENUM_CONVERSION = YES;
				CLANG_WARN_INT_CONVERSION = YES;
				CLANG_WARN_OBJC_ROOT_CLASS = YES_ERROR;
				CLANG_WARN_UNREACHABLE_CODE = YES;
				CLANG_WARN__DUPLICATE_METHOD_MATCH = YES;
				"CODE_SIGN_IDENTITY[sdk=iphoneos*]" = "iPhone Developer";
				COPY_PHASE_STRIP = NO;
				DEBUG_INFORMATION_FORMAT = "dwarf-with-dsym";
				ENABLE_STRICT_OBJC_MSGSEND = YES;
				GCC_C_LANGUAGE_STANDARD = gnu99;
				GCC_DYNAMIC_NO_PIC = NO;
				GCC_NO_COMMON_BLOCKS = YES;
				GCC_OPTIMIZATION_LEVEL = 0;
				GCC_PREPROCESSOR_DEFINITIONS = (
					"DEBUG=1",
					"$(inherited)",
				);
				GCC_SYMBOLS_PRIVATE_EXTERN = NO;
				GCC_WARN_64_TO_32_BIT_CONVERSION = YES;
				GCC_WARN_ABOUT_RETURN_TYPE = YES_ERROR;
				GCC_WARN_UNDECLARED_SELECTOR = YES;
				GCC_WARN_UNINITIALIZED_AUTOS = YES_AGGRESSIVE;
				GCC_WARN_UNUSED_FUNCTION = YES;
				GCC_WARN_UNUSED_VARIABLE = YES;
				IPHONEOS_DEPLOYMENT_TARGET = 8.3;
				MTL_ENABLE_DEBUG_INFO = YES;
				ONLY_ACTIVE_ARCH = YES;
				SDKROOT = iphoneos;
				SWIFT_OPTIMIZATION_LEVEL = "-Onone";
				TARGETED_DEVICE_FAMILY = "1,2";
			};
			name = Debug;
		};
		10471C141B389CFA007AA343 /* Release */ = {
			isa = XCBuildConfiguration;
			buildSettings = {
				ALWAYS_SEARCH_USER_PATHS = NO;
				CLANG_CXX_LANGUAGE_STANDARD = "gnu++0x";
				CLANG_CXX_LIBRARY = "libc++";
				CLANG_ENABLE_MODULES = YES;
				CLANG_ENABLE_OBJC_ARC = YES;
				CLANG_WARN_BOOL_CONVERSION = YES;
				CLANG_WARN_CONSTANT_CONVERSION = YES;
				CLANG_WARN_DIRECT_OBJC_ISA_USAGE = YES_ERROR;
				CLANG_WARN_EMPTY_BODY = YES;
				CLANG_WARN_ENUM_CONVERSION = YES;
				CLANG_WARN_INT_CONVERSION = YES;
				CLANG_WARN_OBJC_ROOT_CLASS = YES_ERROR;
				CLANG_WARN_UNREACHABLE_CODE = YES;
				CLANG_WARN__DUPLICATE_METHOD_MATCH = YES;
				"CODE_SIGN_IDENTITY[sdk=iphoneos*]" = "iPhone Developer";
				COPY_PHASE_STRIP = NO;
				DEBUG_INFORMATION_FORMAT = "dwarf-with-dsym";
				ENABLE_NS_ASSERTIONS = NO;
				ENABLE_STRICT_OBJC_MSGSEND = YES;
				GCC_C_LANGUAGE_STANDARD = gnu99;
				GCC_NO_COMMON_BLOCKS = YES;
				GCC_WARN_64_TO_32_BIT_CONVERSION = YES;
				GCC_WARN_ABOUT_RETURN_TYPE = YES_ERROR;
				GCC_WARN_UNDECLARED_SELECTOR = YES;
				GCC_WARN_UNINITIALIZED_AUTOS = YES_AGGRESSIVE;
				GCC_WARN_UNUSED_FUNCTION = YES;
				GCC_WARN_UNUSED_VARIABLE = YES;
				IPHONEOS_DEPLOYMENT_TARGET = 8.3;
				MTL_ENABLE_DEBUG_INFO = NO;
				SDKROOT = iphoneos;
				TARGETED_DEVICE_FAMILY = "1,2";
				VALIDATE_PRODUCT = YES;
			};
			name = Release;
		};
		10471C161B389CFA007AA343 /* Debug */ = {
			isa = XCBuildConfiguration;
			buildSettings = {
				ASSETCATALOG_COMPILER_APPICON_NAME = AppIcon;
				CODE_SIGN_ENTITLEMENTS = CKSIncrementalStoreDemo/CKSIncrementalStoreDemo.entitlements;
				CODE_SIGN_IDENTITY = "iPhone Developer";
				"CODE_SIGN_IDENTITY[sdk=iphoneos*]" = "iPhone Developer";
				INFOPLIST_FILE = CKSIncrementalStoreDemo/Info.plist;
				LD_RUNPATH_SEARCH_PATHS = "$(inherited) @executable_path/Frameworks";
				PRODUCT_NAME = "$(TARGET_NAME)";
				PROVISIONING_PROFILE = "";
			};
			name = Debug;
		};
		10471C171B389CFA007AA343 /* Release */ = {
			isa = XCBuildConfiguration;
			buildSettings = {
				ASSETCATALOG_COMPILER_APPICON_NAME = AppIcon;
				CODE_SIGN_ENTITLEMENTS = CKSIncrementalStoreDemo/CKSIncrementalStoreDemo.entitlements;
				CODE_SIGN_IDENTITY = "iPhone Developer";
				"CODE_SIGN_IDENTITY[sdk=iphoneos*]" = "iPhone Developer";
				INFOPLIST_FILE = CKSIncrementalStoreDemo/Info.plist;
				LD_RUNPATH_SEARCH_PATHS = "$(inherited) @executable_path/Frameworks";
				PRODUCT_NAME = "$(TARGET_NAME)";
				PROVISIONING_PROFILE = "";
			};
			name = Release;
		};
		10471C191B389CFA007AA343 /* Debug */ = {
			isa = XCBuildConfiguration;
			buildSettings = {
				BUNDLE_LOADER = "$(TEST_HOST)";
				FRAMEWORK_SEARCH_PATHS = (
					"$(SDKROOT)/Developer/Library/Frameworks",
					"$(inherited)",
				);
				GCC_PREPROCESSOR_DEFINITIONS = (
					"DEBUG=1",
					"$(inherited)",
				);
				INFOPLIST_FILE = CKSIncrementalStoreDemoTests/Info.plist;
				LD_RUNPATH_SEARCH_PATHS = "$(inherited) @executable_path/Frameworks @loader_path/Frameworks";
				PRODUCT_NAME = "$(TARGET_NAME)";
				TEST_HOST = "$(BUILT_PRODUCTS_DIR)/CKSIncrementalStoreDemo.app/CKSIncrementalStoreDemo";
			};
			name = Debug;
		};
		10471C1A1B389CFA007AA343 /* Release */ = {
			isa = XCBuildConfiguration;
			buildSettings = {
				BUNDLE_LOADER = "$(TEST_HOST)";
				FRAMEWORK_SEARCH_PATHS = (
					"$(SDKROOT)/Developer/Library/Frameworks",
					"$(inherited)",
				);
				INFOPLIST_FILE = CKSIncrementalStoreDemoTests/Info.plist;
				LD_RUNPATH_SEARCH_PATHS = "$(inherited) @executable_path/Frameworks @loader_path/Frameworks";
				PRODUCT_NAME = "$(TARGET_NAME)";
				TEST_HOST = "$(BUILT_PRODUCTS_DIR)/CKSIncrementalStoreDemo.app/CKSIncrementalStoreDemo";
			};
			name = Release;
		};
/* End XCBuildConfiguration section */

/* Begin XCConfigurationList section */
		10471BEE1B389CF7007AA343 /* Build configuration list for PBXProject "CKSIncrementalStoreDemo" */ = {
			isa = XCConfigurationList;
			buildConfigurations = (
				10471C131B389CFA007AA343 /* Debug */,
				10471C141B389CFA007AA343 /* Release */,
			);
			defaultConfigurationIsVisible = 0;
			defaultConfigurationName = Release;
		};
		10471C151B389CFA007AA343 /* Build configuration list for PBXNativeTarget "CKSIncrementalStoreDemo" */ = {
			isa = XCConfigurationList;
			buildConfigurations = (
				10471C161B389CFA007AA343 /* Debug */,
				10471C171B389CFA007AA343 /* Release */,
			);
			defaultConfigurationIsVisible = 0;
			defaultConfigurationName = Release;
		};
		10471C181B389CFA007AA343 /* Build configuration list for PBXNativeTarget "CKSIncrementalStoreDemoTests" */ = {
			isa = XCConfigurationList;
			buildConfigurations = (
				10471C191B389CFA007AA343 /* Debug */,
				10471C1A1B389CFA007AA343 /* Release */,
			);
			defaultConfigurationIsVisible = 0;
			defaultConfigurationName = Release;
		};
/* End XCConfigurationList section */

/* Begin XCVersionGroup section */
		10471BFA1B389CFA007AA343 /* CKSIncrementalStoreDemo.xcdatamodeld */ = {
			isa = XCVersionGroup;
			children = (
				10471BFB1B389CFA007AA343 /* CKSIncrementalStoreDemo.xcdatamodel */,
			);
			currentVersion = 10471BFB1B389CFA007AA343 /* CKSIncrementalStoreDemo.xcdatamodel */;
			path = CKSIncrementalStoreDemo.xcdatamodeld;
			sourceTree = "<group>";
			versionGroupType = wrapper.xcdatamodel;
		};
/* End XCVersionGroup section */
	};
	rootObject = 10471BEB1B389CF7007AA343 /* Project object */;
}
