// !$*UTF8*$!
{
	archiveVersion = 1;
	classes = {
	};
	objectVersion = 46;
	objects = {

/* Begin PBXBuildFile section */
		3E0226361B7C418A0080F9AB /* CKRecordZone+Helpers.swift in Sources */ = {isa = PBXBuildFile; fileRef = 3E0226351B7C418A0080F9AB /* CKRecordZone+Helpers.swift */; };
		3E0226381B7C43320080F9AB /* CKRecordZoneID+Helpers.swift in Sources */ = {isa = PBXBuildFile; fileRef = 3E0226371B7C43320080F9AB /* CKRecordZoneID+Helpers.swift */; };
		3E191DD51B7B3CAF00BB9E71 /* CKRecord+NSManagedObject.swift in Sources */ = {isa = PBXBuildFile; fileRef = 3E191DCB1B7B3CAF00BB9E71 /* CKRecord+NSManagedObject.swift */; };
		3E191DD61B7B3CAF00BB9E71 /* SMStore.swift in Sources */ = {isa = PBXBuildFile; fileRef = 3E191DCC1B7B3CAF00BB9E71 /* SMStore.swift */; };
		3E191DD71B7B3CAF00BB9E71 /* SMStoreChangeSetHandler.swift in Sources */ = {isa = PBXBuildFile; fileRef = 3E191DCD1B7B3CAF00BB9E71 /* SMStoreChangeSetHandler.swift */; };
		3E191DD81B7B3CAF00BB9E71 /* SMServerStoreSetupOperation.swift in Sources */ = {isa = PBXBuildFile; fileRef = 3E191DCE1B7B3CAF00BB9E71 /* SMServerStoreSetupOperation.swift */; };
		3E191DD91B7B3CAF00BB9E71 /* SMStoreSyncOperation.swift in Sources */ = {isa = PBXBuildFile; fileRef = 3E191DCF1B7B3CAF00BB9E71 /* SMStoreSyncOperation.swift */; };
		3E191DDA1B7B3CAF00BB9E71 /* SMServerTokenHandler.swift in Sources */ = {isa = PBXBuildFile; fileRef = 3E191DD01B7B3CAF00BB9E71 /* SMServerTokenHandler.swift */; };
		3E191DDB1B7B3CAF00BB9E71 /* NSEntityDescription+Helpers.swift in Sources */ = {isa = PBXBuildFile; fileRef = 3E191DD11B7B3CAF00BB9E71 /* NSEntityDescription+Helpers.swift */; };
		3E191DDC1B7B3CAF00BB9E71 /* NSManagedObject+CKRecord.swift in Sources */ = {isa = PBXBuildFile; fileRef = 3E191DD21B7B3CAF00BB9E71 /* NSManagedObject+CKRecord.swift */; };
		3E191DDD1B7B3CAF00BB9E71 /* NSManagedObjectContext+Helpers.swift in Sources */ = {isa = PBXBuildFile; fileRef = 3E191DD31B7B3CAF00BB9E71 /* NSManagedObjectContext+Helpers.swift */; };
		3E191DE91B7B3DB500BB9E71 /* CKRecord+NSManagedObject.swift in Headers */ = {isa = PBXBuildFile; fileRef = 3E191DCB1B7B3CAF00BB9E71 /* CKRecord+NSManagedObject.swift */; settings = {ATTRIBUTES = (Private, ); }; };
		3E191DEA1B7B3DB500BB9E71 /* SMStore.swift in Headers */ = {isa = PBXBuildFile; fileRef = 3E191DCC1B7B3CAF00BB9E71 /* SMStore.swift */; settings = {ATTRIBUTES = (Public, ); }; };
		3E191DEB1B7B3DB500BB9E71 /* SMStoreChangeSetHandler.swift in Headers */ = {isa = PBXBuildFile; fileRef = 3E191DCD1B7B3CAF00BB9E71 /* SMStoreChangeSetHandler.swift */; settings = {ATTRIBUTES = (Private, ); }; };
		3E191DEC1B7B3DB500BB9E71 /* SMServerStoreSetupOperation.swift in Headers */ = {isa = PBXBuildFile; fileRef = 3E191DCE1B7B3CAF00BB9E71 /* SMServerStoreSetupOperation.swift */; settings = {ATTRIBUTES = (Private, ); }; };
		3E191DED1B7B3DB500BB9E71 /* SMStoreSyncOperation.swift in Headers */ = {isa = PBXBuildFile; fileRef = 3E191DCF1B7B3CAF00BB9E71 /* SMStoreSyncOperation.swift */; settings = {ATTRIBUTES = (Public, ); }; };
		3E191DEE1B7B3DB500BB9E71 /* SMServerTokenHandler.swift in Headers */ = {isa = PBXBuildFile; fileRef = 3E191DD01B7B3CAF00BB9E71 /* SMServerTokenHandler.swift */; settings = {ATTRIBUTES = (Private, ); }; };
		3E191DEF1B7B3DB500BB9E71 /* NSEntityDescription+Helpers.swift in Headers */ = {isa = PBXBuildFile; fileRef = 3E191DD11B7B3CAF00BB9E71 /* NSEntityDescription+Helpers.swift */; settings = {ATTRIBUTES = (Private, ); }; };
		3E191DF01B7B3DB600BB9E71 /* NSManagedObject+CKRecord.swift in Headers */ = {isa = PBXBuildFile; fileRef = 3E191DD21B7B3CAF00BB9E71 /* NSManagedObject+CKRecord.swift */; settings = {ATTRIBUTES = (Private, ); }; };
		3E191DF11B7B3DB600BB9E71 /* NSManagedObjectContext+Helpers.swift in Headers */ = {isa = PBXBuildFile; fileRef = 3E191DD31B7B3CAF00BB9E71 /* NSManagedObjectContext+Helpers.swift */; settings = {ATTRIBUTES = (Private, ); }; };
		3E8E26C51B7B11BD009C47EA /* Seam.h in Headers */ = {isa = PBXBuildFile; fileRef = 3E8E26C41B7B11BD009C47EA /* Seam.h */; settings = {ATTRIBUTES = (Public, ); }; };
/* End PBXBuildFile section */

/* Begin PBXFileReference section */
		3E0226351B7C418A0080F9AB /* CKRecordZone+Helpers.swift */ = {isa = PBXFileReference; fileEncoding = 4; lastKnownFileType = sourcecode.swift; path = "CKRecordZone+Helpers.swift"; sourceTree = "<group>"; };
		3E0226371B7C43320080F9AB /* CKRecordZoneID+Helpers.swift */ = {isa = PBXFileReference; fileEncoding = 4; lastKnownFileType = sourcecode.swift; path = "CKRecordZoneID+Helpers.swift"; sourceTree = "<group>"; };
		3E191DCB1B7B3CAF00BB9E71 /* CKRecord+NSManagedObject.swift */ = {isa = PBXFileReference; fileEncoding = 4; lastKnownFileType = sourcecode.swift; path = "CKRecord+NSManagedObject.swift"; sourceTree = "<group>"; };
		3E191DCC1B7B3CAF00BB9E71 /* SMStore.swift */ = {isa = PBXFileReference; fileEncoding = 4; lastKnownFileType = sourcecode.swift; path = SMStore.swift; sourceTree = "<group>"; };
		3E191DCD1B7B3CAF00BB9E71 /* SMStoreChangeSetHandler.swift */ = {isa = PBXFileReference; fileEncoding = 4; lastKnownFileType = sourcecode.swift; path = SMStoreChangeSetHandler.swift; sourceTree = "<group>"; };
		3E191DCE1B7B3CAF00BB9E71 /* SMServerStoreSetupOperation.swift */ = {isa = PBXFileReference; fileEncoding = 4; lastKnownFileType = sourcecode.swift; path = SMServerStoreSetupOperation.swift; sourceTree = "<group>"; };
		3E191DCF1B7B3CAF00BB9E71 /* SMStoreSyncOperation.swift */ = {isa = PBXFileReference; fileEncoding = 4; lastKnownFileType = sourcecode.swift; path = SMStoreSyncOperation.swift; sourceTree = "<group>"; };
		3E191DD01B7B3CAF00BB9E71 /* SMServerTokenHandler.swift */ = {isa = PBXFileReference; fileEncoding = 4; lastKnownFileType = sourcecode.swift; path = SMServerTokenHandler.swift; sourceTree = "<group>"; };
		3E191DD11B7B3CAF00BB9E71 /* NSEntityDescription+Helpers.swift */ = {isa = PBXFileReference; fileEncoding = 4; lastKnownFileType = sourcecode.swift; path = "NSEntityDescription+Helpers.swift"; sourceTree = "<group>"; };
		3E191DD21B7B3CAF00BB9E71 /* NSManagedObject+CKRecord.swift */ = {isa = PBXFileReference; fileEncoding = 4; lastKnownFileType = sourcecode.swift; path = "NSManagedObject+CKRecord.swift"; sourceTree = "<group>"; };
		3E191DD31B7B3CAF00BB9E71 /* NSManagedObjectContext+Helpers.swift */ = {isa = PBXFileReference; fileEncoding = 4; lastKnownFileType = sourcecode.swift; path = "NSManagedObjectContext+Helpers.swift"; sourceTree = "<group>"; };
		3E8E26C11B7B11BD009C47EA /* Seam.framework */ = {isa = PBXFileReference; explicitFileType = wrapper.framework; includeInIndex = 0; path = Seam.framework; sourceTree = BUILT_PRODUCTS_DIR; };
		3E8E26C41B7B11BD009C47EA /* Seam.h */ = {isa = PBXFileReference; lastKnownFileType = sourcecode.c.h; path = Seam.h; sourceTree = "<group>"; };
		3E8E26C61B7B11BD009C47EA /* Info.plist */ = {isa = PBXFileReference; lastKnownFileType = text.plist.xml; path = Info.plist; sourceTree = "<group>"; };
/* End PBXFileReference section */

/* Begin PBXFrameworksBuildPhase section */
		3E8E26BD1B7B11BD009C47EA /* Frameworks */ = {
			isa = PBXFrameworksBuildPhase;
			buildActionMask = 2147483647;
			files = (
			);
			runOnlyForDeploymentPostprocessing = 0;
		};
/* End PBXFrameworksBuildPhase section */

/* Begin PBXGroup section */
		3E191DF31B7B52A400BB9E71 /* Core */ = {
			isa = PBXGroup;
			children = (
				3E191DCC1B7B3CAF00BB9E71 /* SMStore.swift */,
				3E191DCD1B7B3CAF00BB9E71 /* SMStoreChangeSetHandler.swift */,
				3E191DCE1B7B3CAF00BB9E71 /* SMServerStoreSetupOperation.swift */,
				3E191DCF1B7B3CAF00BB9E71 /* SMStoreSyncOperation.swift */,
				3E191DD01B7B3CAF00BB9E71 /* SMServerTokenHandler.swift */,
			);
			name = Core;
			sourceTree = "<group>";
		};
		3E191DF41B7B52A900BB9E71 /* Extensions */ = {
			isa = PBXGroup;
			children = (
				3E191DCB1B7B3CAF00BB9E71 /* CKRecord+NSManagedObject.swift */,
				3E191DD21B7B3CAF00BB9E71 /* NSManagedObject+CKRecord.swift */,
				3E191DD31B7B3CAF00BB9E71 /* NSManagedObjectContext+Helpers.swift */,
				3E191DD11B7B3CAF00BB9E71 /* NSEntityDescription+Helpers.swift */,
				3E0226351B7C418A0080F9AB /* CKRecordZone+Helpers.swift */,
				3E0226371B7C43320080F9AB /* CKRecordZoneID+Helpers.swift */,
			);
			name = Extensions;
			sourceTree = "<group>";
		};
		3E8E26B71B7B11BD009C47EA = {
			isa = PBXGroup;
			children = (
				3E8E26C31B7B11BD009C47EA /* Seam */,
				3E8E26C21B7B11BD009C47EA /* Products */,
			);
			sourceTree = "<group>";
		};
		3E8E26C21B7B11BD009C47EA /* Products */ = {
			isa = PBXGroup;
			children = (
				3E8E26C11B7B11BD009C47EA /* Seam.framework */,
			);
			name = Products;
			sourceTree = "<group>";
		};
		3E8E26C31B7B11BD009C47EA /* Seam */ = {
			isa = PBXGroup;
			children = (
				3E191DF41B7B52A900BB9E71 /* Extensions */,
				3E191DF31B7B52A400BB9E71 /* Core */,
				3E8E26C41B7B11BD009C47EA /* Seam.h */,
				3E8E26C61B7B11BD009C47EA /* Info.plist */,
			);
			path = Seam;
			sourceTree = "<group>";
		};
/* End PBXGroup section */

/* Begin PBXHeadersBuildPhase section */
		3E8E26BE1B7B11BD009C47EA /* Headers */ = {
			isa = PBXHeadersBuildPhase;
			buildActionMask = 2147483647;
			files = (
				3E8E26C51B7B11BD009C47EA /* Seam.h in Headers */,
				3E191DEA1B7B3DB500BB9E71 /* SMStore.swift in Headers */,
				3E191DED1B7B3DB500BB9E71 /* SMStoreSyncOperation.swift in Headers */,
				3E191DEC1B7B3DB500BB9E71 /* SMServerStoreSetupOperation.swift in Headers */,
				3E191DF11B7B3DB600BB9E71 /* NSManagedObjectContext+Helpers.swift in Headers */,
				3E191DE91B7B3DB500BB9E71 /* CKRecord+NSManagedObject.swift in Headers */,
				3E191DF01B7B3DB600BB9E71 /* NSManagedObject+CKRecord.swift in Headers */,
				3E191DEE1B7B3DB500BB9E71 /* SMServerTokenHandler.swift in Headers */,
				3E191DEF1B7B3DB500BB9E71 /* NSEntityDescription+Helpers.swift in Headers */,
				3E191DEB1B7B3DB500BB9E71 /* SMStoreChangeSetHandler.swift in Headers */,
			);
			runOnlyForDeploymentPostprocessing = 0;
		};
/* End PBXHeadersBuildPhase section */

/* Begin PBXNativeTarget section */
		3E8E26C01B7B11BD009C47EA /* Seam */ = {
			isa = PBXNativeTarget;
			buildConfigurationList = 3E8E26D51B7B11BD009C47EA /* Build configuration list for PBXNativeTarget "Seam" */;
			buildPhases = (
				3E8E26BC1B7B11BD009C47EA /* Sources */,
				3E8E26BD1B7B11BD009C47EA /* Frameworks */,
				3E8E26BE1B7B11BD009C47EA /* Headers */,
				3E8E26BF1B7B11BD009C47EA /* Resources */,
			);
			buildRules = (
			);
			dependencies = (
			);
			name = Seam;
			productName = Seam;
			productReference = 3E8E26C11B7B11BD009C47EA /* Seam.framework */;
			productType = "com.apple.product-type.framework";
		};
/* End PBXNativeTarget section */

/* Begin PBXProject section */
		3E8E26B81B7B11BD009C47EA /* Project object */ = {
			isa = PBXProject;
			attributes = {
				LastSwiftUpdateCheck = 0700;
				LastUpgradeCheck = 0700;
				ORGANIZATIONNAME = CloudKitSpace;
				TargetAttributes = {
					3E8E26C01B7B11BD009C47EA = {
						CreatedOnToolsVersion = 7.0;
					};
				};
			};
			buildConfigurationList = 3E8E26BB1B7B11BD009C47EA /* Build configuration list for PBXProject "Seam" */;
			compatibilityVersion = "Xcode 3.2";
			developmentRegion = English;
			hasScannedForEncodings = 0;
			knownRegions = (
				en,
			);
			mainGroup = 3E8E26B71B7B11BD009C47EA;
			productRefGroup = 3E8E26C21B7B11BD009C47EA /* Products */;
			projectDirPath = "";
			projectRoot = "";
			targets = (
				3E8E26C01B7B11BD009C47EA /* Seam */,
			);
		};
/* End PBXProject section */

/* Begin PBXResourcesBuildPhase section */
		3E8E26BF1B7B11BD009C47EA /* Resources */ = {
			isa = PBXResourcesBuildPhase;
			buildActionMask = 2147483647;
			files = (
			);
			runOnlyForDeploymentPostprocessing = 0;
		};
/* End PBXResourcesBuildPhase section */

/* Begin PBXSourcesBuildPhase section */
		3E8E26BC1B7B11BD009C47EA /* Sources */ = {
			isa = PBXSourcesBuildPhase;
			buildActionMask = 2147483647;
			files = (
				3E191DD71B7B3CAF00BB9E71 /* SMStoreChangeSetHandler.swift in Sources */,
				3E191DD51B7B3CAF00BB9E71 /* CKRecord+NSManagedObject.swift in Sources */,
				3E191DDA1B7B3CAF00BB9E71 /* SMServerTokenHandler.swift in Sources */,
				3E0226361B7C418A0080F9AB /* CKRecordZone+Helpers.swift in Sources */,
				3E191DDB1B7B3CAF00BB9E71 /* NSEntityDescription+Helpers.swift in Sources */,
				3E191DDD1B7B3CAF00BB9E71 /* NSManagedObjectContext+Helpers.swift in Sources */,
				3E0226381B7C43320080F9AB /* CKRecordZoneID+Helpers.swift in Sources */,
				3E191DD91B7B3CAF00BB9E71 /* SMStoreSyncOperation.swift in Sources */,
				3E191DD81B7B3CAF00BB9E71 /* SMServerStoreSetupOperation.swift in Sources */,
				3E191DD61B7B3CAF00BB9E71 /* SMStore.swift in Sources */,
				3E191DDC1B7B3CAF00BB9E71 /* NSManagedObject+CKRecord.swift in Sources */,
			);
			runOnlyForDeploymentPostprocessing = 0;
		};
/* End PBXSourcesBuildPhase section */

/* Begin XCBuildConfiguration section */
		3E8E26D31B7B11BD009C47EA /* Debug */ = {
			isa = XCBuildConfiguration;
			buildSettings = {
				ALWAYS_SEARCH_USER_PATHS = NO;
				CLANG_CXX_LANGUAGE_STANDARD = "gnu++0x";
				CLANG_CXX_LIBRARY = "libc++";
				CLANG_ENABLE_MODULES = YES;
				CLANG_ENABLE_OBJC_ARC = YES;
				CLANG_WARN_BOOL_CONVERSION = YES;
				CLANG_WARN_CONSTANT_CONVERSION = YES;
				CLANG_WARN_DIRECT_OBJC_ISA_USAGE = YES_ERROR;
				CLANG_WARN_EMPTY_BODY = YES;
				CLANG_WARN_ENUM_CONVERSION = YES;
				CLANG_WARN_INT_CONVERSION = YES;
				CLANG_WARN_OBJC_ROOT_CLASS = YES_ERROR;
				CLANG_WARN_UNREACHABLE_CODE = YES;
				CLANG_WARN__DUPLICATE_METHOD_MATCH = YES;
				"CODE_SIGN_IDENTITY[sdk=iphoneos*]" = "iPhone Developer";
				COPY_PHASE_STRIP = NO;
				CURRENT_PROJECT_VERSION = 1;
				DEBUG_INFORMATION_FORMAT = dwarf;
				ENABLE_STRICT_OBJC_MSGSEND = YES;
				ENABLE_TESTABILITY = YES;
				GCC_C_LANGUAGE_STANDARD = gnu99;
				GCC_DYNAMIC_NO_PIC = NO;
				GCC_NO_COMMON_BLOCKS = YES;
				GCC_OPTIMIZATION_LEVEL = 0;
				GCC_PREPROCESSOR_DEFINITIONS = (
					"DEBUG=1",
					"$(inherited)",
				);
				GCC_WARN_64_TO_32_BIT_CONVERSION = YES;
				GCC_WARN_ABOUT_RETURN_TYPE = YES_ERROR;
				GCC_WARN_UNDECLARED_SELECTOR = YES;
				GCC_WARN_UNINITIALIZED_AUTOS = YES_AGGRESSIVE;
				GCC_WARN_UNUSED_FUNCTION = YES;
				GCC_WARN_UNUSED_VARIABLE = YES;
				IPHONEOS_DEPLOYMENT_TARGET = 8.3;
				MTL_ENABLE_DEBUG_INFO = YES;
				ONLY_ACTIVE_ARCH = YES;
				SDKROOT = iphoneos;
				SWIFT_OPTIMIZATION_LEVEL = "-Onone";
				TARGETED_DEVICE_FAMILY = "1,2";
				VERSIONING_SYSTEM = "apple-generic";
				VERSION_INFO_PREFIX = "";
			};
			name = Debug;
		};
		3E8E26D41B7B11BD009C47EA /* Release */ = {
			isa = XCBuildConfiguration;
			buildSettings = {
				ALWAYS_SEARCH_USER_PATHS = NO;
				CLANG_CXX_LANGUAGE_STANDARD = "gnu++0x";
				CLANG_CXX_LIBRARY = "libc++";
				CLANG_ENABLE_MODULES = YES;
				CLANG_ENABLE_OBJC_ARC = YES;
				CLANG_WARN_BOOL_CONVERSION = YES;
				CLANG_WARN_CONSTANT_CONVERSION = YES;
				CLANG_WARN_DIRECT_OBJC_ISA_USAGE = YES_ERROR;
				CLANG_WARN_EMPTY_BODY = YES;
				CLANG_WARN_ENUM_CONVERSION = YES;
				CLANG_WARN_INT_CONVERSION = YES;
				CLANG_WARN_OBJC_ROOT_CLASS = YES_ERROR;
				CLANG_WARN_UNREACHABLE_CODE = YES;
				CLANG_WARN__DUPLICATE_METHOD_MATCH = YES;
				"CODE_SIGN_IDENTITY[sdk=iphoneos*]" = "iPhone Developer";
				COPY_PHASE_STRIP = NO;
				CURRENT_PROJECT_VERSION = 1;
				DEBUG_INFORMATION_FORMAT = "dwarf-with-dsym";
				ENABLE_NS_ASSERTIONS = NO;
				ENABLE_STRICT_OBJC_MSGSEND = YES;
				GCC_C_LANGUAGE_STANDARD = gnu99;
				GCC_NO_COMMON_BLOCKS = YES;
				GCC_OPTIMIZATION_LEVEL = 0;
				GCC_WARN_64_TO_32_BIT_CONVERSION = YES;
				GCC_WARN_ABOUT_RETURN_TYPE = YES_ERROR;
				GCC_WARN_UNDECLARED_SELECTOR = YES;
				GCC_WARN_UNINITIALIZED_AUTOS = YES_AGGRESSIVE;
				GCC_WARN_UNUSED_FUNCTION = YES;
				GCC_WARN_UNUSED_VARIABLE = YES;
				IPHONEOS_DEPLOYMENT_TARGET = 8.3;
				MTL_ENABLE_DEBUG_INFO = NO;
				SDKROOT = iphoneos;
				SWIFT_OPTIMIZATION_LEVEL = "-Onone";
				TARGETED_DEVICE_FAMILY = "1,2";
				VALIDATE_PRODUCT = YES;
				VERSIONING_SYSTEM = "apple-generic";
				VERSION_INFO_PREFIX = "";
			};
			name = Release;
		};
		3E8E26D61B7B11BD009C47EA /* Debug */ = {
			isa = XCBuildConfiguration;
			buildSettings = {
				ARCHS = "$(ARCHS_STANDARD)";
				CLANG_ENABLE_MODULES = YES;
				DEFINES_MODULE = YES;
				DYLIB_COMPATIBILITY_VERSION = 1;
				DYLIB_CURRENT_VERSION = 1;
				DYLIB_INSTALL_NAME_BASE = "@rpath";
				INFOPLIST_FILE = Seam/Info.plist;
				INSTALL_PATH = "$(LOCAL_LIBRARY_DIR)/Frameworks";
				IPHONEOS_DEPLOYMENT_TARGET = 8.3;
				LD_DYLIB_INSTALL_NAME = "$(DYLIB_INSTALL_NAME_BASE:standardizepath)/$(EXECUTABLE_PATH)";
				LD_RUNPATH_SEARCH_PATHS = "$(inherited) @executable_path/Frameworks @loader_path/Frameworks";
				MACOSX_DEPLOYMENT_TARGET = 10.10;
				PRODUCT_BUNDLE_IDENTIFIER = com.CloudKitSpace.Seam;
				PRODUCT_NAME = "$(TARGET_NAME)";
				SKIP_INSTALL = YES;
				SWIFT_OPTIMIZATION_LEVEL = "-Onone";
				VALIDATE_PRODUCT = NO;
				VALID_ARCHS = "arm64 armv7 armv7s x86_64 i386";
				WATCHOS_DEPLOYMENT_TARGET = 2.0;
			};
			name = Debug;
		};
		3E8E26D71B7B11BD009C47EA /* Release */ = {
			isa = XCBuildConfiguration;
			buildSettings = {
				ARCHS = "$(ARCHS_STANDARD)";
				CLANG_ENABLE_MODULES = YES;
				DEFINES_MODULE = YES;
				DYLIB_COMPATIBILITY_VERSION = 1;
				DYLIB_CURRENT_VERSION = 1;
				DYLIB_INSTALL_NAME_BASE = "@rpath";
				INFOPLIST_FILE = Seam/Info.plist;
				INSTALL_PATH = "$(LOCAL_LIBRARY_DIR)/Frameworks";
				IPHONEOS_DEPLOYMENT_TARGET = 8.3;
				LD_DYLIB_INSTALL_NAME = "$(DYLIB_INSTALL_NAME_BASE:standardizepath)/$(EXECUTABLE_PATH)";
				LD_RUNPATH_SEARCH_PATHS = "$(inherited) @executable_path/Frameworks @loader_path/Frameworks";
				MACOSX_DEPLOYMENT_TARGET = 10.10;
				PRODUCT_BUNDLE_IDENTIFIER = com.CloudKitSpace.Seam;
				PRODUCT_NAME = "$(TARGET_NAME)";
				SKIP_INSTALL = YES;
				SWIFT_OPTIMIZATION_LEVEL = "-Onone";
				VALID_ARCHS = "arm64 armv7 armv7s x86_64 i386";
				WATCHOS_DEPLOYMENT_TARGET = 2.0;
			};
			name = Release;
		};
/* End XCBuildConfiguration section */

/* Begin XCConfigurationList section */
		3E8E26BB1B7B11BD009C47EA /* Build configuration list for PBXProject "Seam" */ = {
			isa = XCConfigurationList;
			buildConfigurations = (
				3E8E26D31B7B11BD009C47EA /* Debug */,
				3E8E26D41B7B11BD009C47EA /* Release */,
			);
			defaultConfigurationIsVisible = 0;
			defaultConfigurationName = Release;
		};
		3E8E26D51B7B11BD009C47EA /* Build configuration list for PBXNativeTarget "Seam" */ = {
			isa = XCConfigurationList;
			buildConfigurations = (
				3E8E26D61B7B11BD009C47EA /* Debug */,
				3E8E26D71B7B11BD009C47EA /* Release */,
			);
			defaultConfigurationIsVisible = 0;
			defaultConfigurationName = Release;
		};
/* End XCConfigurationList section */
	};
	rootObject = 3E8E26B81B7B11BD009C47EA /* Project object */;
}
