// !$*UTF8*$!
{
	archiveVersion = 1;
	classes = {
	};
	objectVersion = 46;
	objects = {

/* Begin PBXBuildFile section */
		3E0226401B7C62D20080F9AB /* Task+CoreDataProperties.swift in Sources */ = {isa = PBXBuildFile; fileRef = 3E02263C1B7C62D20080F9AB /* Task+CoreDataProperties.swift */; };
		3E0226411B7C62D20080F9AB /* Task.swift in Sources */ = {isa = PBXBuildFile; fileRef = 3E02263D1B7C62D20080F9AB /* Task.swift */; };
		3E0226421B7C62D20080F9AB /* Tag+CoreDataProperties.swift in Sources */ = {isa = PBXBuildFile; fileRef = 3E02263E1B7C62D20080F9AB /* Tag+CoreDataProperties.swift */; };
		3E0226431B7C62D20080F9AB /* Tag.swift in Sources */ = {isa = PBXBuildFile; fileRef = 3E02263F1B7C62D20080F9AB /* Tag.swift */; };
		3E191E341B7B6CD300BB9E71 /* AppDelegate.swift in Sources */ = {isa = PBXBuildFile; fileRef = 3E191E331B7B6CD300BB9E71 /* AppDelegate.swift */; };
		3E191E361B7B6CD300BB9E71 /* ViewController.swift in Sources */ = {isa = PBXBuildFile; fileRef = 3E191E351B7B6CD300BB9E71 /* ViewController.swift */; };
		3E191E391B7B6CD300BB9E71 /* Main.storyboard in Resources */ = {isa = PBXBuildFile; fileRef = 3E191E371B7B6CD300BB9E71 /* Main.storyboard */; };
		3E191E3C1B7B6CD300BB9E71 /* SeamDemo.xcdatamodeld in Sources */ = {isa = PBXBuildFile; fileRef = 3E191E3A1B7B6CD300BB9E71 /* SeamDemo.xcdatamodeld */; };
		3E191E3E1B7B6CD300BB9E71 /* Assets.xcassets in Resources */ = {isa = PBXBuildFile; fileRef = 3E191E3D1B7B6CD300BB9E71 /* Assets.xcassets */; };
		3E191E411B7B6CD300BB9E71 /* LaunchScreen.storyboard in Resources */ = {isa = PBXBuildFile; fileRef = 3E191E3F1B7B6CD300BB9E71 /* LaunchScreen.storyboard */; };
		3E191E4C1B7B6CD300BB9E71 /* SeamDemoTests.swift in Sources */ = {isa = PBXBuildFile; fileRef = 3E191E4B1B7B6CD300BB9E71 /* SeamDemoTests.swift */; };
		3E191E581B7B6CFF00BB9E71 /* CloudKit.framework in Frameworks */ = {isa = PBXBuildFile; fileRef = 3E191E571B7B6CFF00BB9E71 /* CloudKit.framework */; };
		3E191E5A1B7B6D1D00BB9E71 /* CoreData.framework in Frameworks */ = {isa = PBXBuildFile; fileRef = 3E191E591B7B6D1D00BB9E71 /* CoreData.framework */; };
		3E191E751B7B772D00BB9E71 /* CoreDataStack.swift in Sources */ = {isa = PBXBuildFile; fileRef = 3E191E741B7B772D00BB9E71 /* CoreDataStack.swift */; };
		3E96E9B51B7CB9E000186E43 /* CKRecord+NSManagedObject.swift in Sources */ = {isa = PBXBuildFile; fileRef = 3E96E9A81B7CB9E000186E43 /* CKRecord+NSManagedObject.swift */; };
		3E96E9B71B7CB9E000186E43 /* CKRecordZone+Helpers.swift in Sources */ = {isa = PBXBuildFile; fileRef = 3E96E9AA1B7CB9E000186E43 /* CKRecordZone+Helpers.swift */; };
		3E96E9B81B7CB9E000186E43 /* CKRecordZoneID+Helpers.swift in Sources */ = {isa = PBXBuildFile; fileRef = 3E96E9AB1B7CB9E000186E43 /* CKRecordZoneID+Helpers.swift */; };
		3E96E9B91B7CB9E000186E43 /* NSEntityDescription+Helpers.swift in Sources */ = {isa = PBXBuildFile; fileRef = 3E96E9AC1B7CB9E000186E43 /* NSEntityDescription+Helpers.swift */; };
		3E96E9BA1B7CB9E000186E43 /* NSManagedObject+CKRecord.swift in Sources */ = {isa = PBXBuildFile; fileRef = 3E96E9AD1B7CB9E000186E43 /* NSManagedObject+CKRecord.swift */; };
		3E96E9BB1B7CB9E000186E43 /* NSManagedObjectContext+Helpers.swift in Sources */ = {isa = PBXBuildFile; fileRef = 3E96E9AE1B7CB9E000186E43 /* NSManagedObjectContext+Helpers.swift */; };
		3E96E9BC1B7CB9E000186E43 /* SMServerStoreSetupOperation.swift in Sources */ = {isa = PBXBuildFile; fileRef = 3E96E9AF1B7CB9E000186E43 /* SMServerStoreSetupOperation.swift */; };
		3E96E9BD1B7CB9E000186E43 /* SMServerTokenHandler.swift in Sources */ = {isa = PBXBuildFile; fileRef = 3E96E9B01B7CB9E000186E43 /* SMServerTokenHandler.swift */; };
		3E96E9BE1B7CB9E000186E43 /* SMStore.swift in Sources */ = {isa = PBXBuildFile; fileRef = 3E96E9B11B7CB9E000186E43 /* SMStore.swift */; };
		3E96E9BF1B7CB9E000186E43 /* SMStoreChangeSetHandler.swift in Sources */ = {isa = PBXBuildFile; fileRef = 3E96E9B21B7CB9E000186E43 /* SMStoreChangeSetHandler.swift */; };
		3E96E9C01B7CB9E000186E43 /* SMStoreSyncOperation.swift in Sources */ = {isa = PBXBuildFile; fileRef = 3E96E9B31B7CB9E000186E43 /* SMStoreSyncOperation.swift */; };
/* End PBXBuildFile section */

/* Begin PBXContainerItemProxy section */
		3E191E481B7B6CD300BB9E71 /* PBXContainerItemProxy */ = {
			isa = PBXContainerItemProxy;
			containerPortal = 3E191E281B7B6CD300BB9E71 /* Project object */;
			proxyType = 1;
			remoteGlobalIDString = 3E191E2F1B7B6CD300BB9E71;
			remoteInfo = SeamDemo;
		};
/* End PBXContainerItemProxy section */

/* Begin PBXCopyFilesBuildPhase section */
		3E3A94C81B89AB9C009BEF07 /* Embed Frameworks */ = {
			isa = PBXCopyFilesBuildPhase;
			buildActionMask = 2147483647;
			dstPath = "";
			dstSubfolderSpec = 10;
			files = (
			);
			name = "Embed Frameworks";
			runOnlyForDeploymentPostprocessing = 0;
		};
/* End PBXCopyFilesBuildPhase section */

/* Begin PBXFileReference section */
		3E02263C1B7C62D20080F9AB /* Task+CoreDataProperties.swift */ = {isa = PBXFileReference; fileEncoding = 4; lastKnownFileType = sourcecode.swift; path = "Task+CoreDataProperties.swift"; sourceTree = "<group>"; };
		3E02263D1B7C62D20080F9AB /* Task.swift */ = {isa = PBXFileReference; fileEncoding = 4; lastKnownFileType = sourcecode.swift; path = Task.swift; sourceTree = "<group>"; };
		3E02263E1B7C62D20080F9AB /* Tag+CoreDataProperties.swift */ = {isa = PBXFileReference; fileEncoding = 4; lastKnownFileType = sourcecode.swift; path = "Tag+CoreDataProperties.swift"; sourceTree = "<group>"; };
		3E02263F1B7C62D20080F9AB /* Tag.swift */ = {isa = PBXFileReference; fileEncoding = 4; lastKnownFileType = sourcecode.swift; path = Tag.swift; sourceTree = "<group>"; };
		3E191E301B7B6CD300BB9E71 /* SeamDemo.app */ = {isa = PBXFileReference; explicitFileType = wrapper.application; includeInIndex = 0; path = SeamDemo.app; sourceTree = BUILT_PRODUCTS_DIR; };
		3E191E331B7B6CD300BB9E71 /* AppDelegate.swift */ = {isa = PBXFileReference; lastKnownFileType = sourcecode.swift; path = AppDelegate.swift; sourceTree = "<group>"; };
		3E191E351B7B6CD300BB9E71 /* ViewController.swift */ = {isa = PBXFileReference; lastKnownFileType = sourcecode.swift; path = ViewController.swift; sourceTree = "<group>"; };
		3E191E381B7B6CD300BB9E71 /* Base */ = {isa = PBXFileReference; lastKnownFileType = file.storyboard; name = Base; path = Base.lproj/Main.storyboard; sourceTree = "<group>"; };
		3E191E3B1B7B6CD300BB9E71 /* SeamDemo.xcdatamodel */ = {isa = PBXFileReference; lastKnownFileType = wrapper.xcdatamodel; path = SeamDemo.xcdatamodel; sourceTree = "<group>"; };
		3E191E3D1B7B6CD300BB9E71 /* Assets.xcassets */ = {isa = PBXFileReference; lastKnownFileType = folder.assetcatalog; path = Assets.xcassets; sourceTree = "<group>"; };
		3E191E401B7B6CD300BB9E71 /* Base */ = {isa = PBXFileReference; lastKnownFileType = file.storyboard; name = Base; path = Base.lproj/LaunchScreen.storyboard; sourceTree = "<group>"; };
		3E191E421B7B6CD300BB9E71 /* Info.plist */ = {isa = PBXFileReference; lastKnownFileType = text.plist.xml; path = Info.plist; sourceTree = "<group>"; };
		3E191E471B7B6CD300BB9E71 /* SeamDemoTests.xctest */ = {isa = PBXFileReference; explicitFileType = wrapper.cfbundle; includeInIndex = 0; path = SeamDemoTests.xctest; sourceTree = BUILT_PRODUCTS_DIR; };
		3E191E4B1B7B6CD300BB9E71 /* SeamDemoTests.swift */ = {isa = PBXFileReference; lastKnownFileType = sourcecode.swift; path = SeamDemoTests.swift; sourceTree = "<group>"; };
		3E191E4D1B7B6CD300BB9E71 /* Info.plist */ = {isa = PBXFileReference; lastKnownFileType = text.plist.xml; path = Info.plist; sourceTree = "<group>"; };
		3E191E561B7B6CF100BB9E71 /* SeamDemo.entitlements */ = {isa = PBXFileReference; lastKnownFileType = text.xml; path = SeamDemo.entitlements; sourceTree = "<group>"; };
		3E191E571B7B6CFF00BB9E71 /* CloudKit.framework */ = {isa = PBXFileReference; lastKnownFileType = wrapper.framework; name = CloudKit.framework; path = System/Library/Frameworks/CloudKit.framework; sourceTree = SDKROOT; };
		3E191E591B7B6D1D00BB9E71 /* CoreData.framework */ = {isa = PBXFileReference; lastKnownFileType = wrapper.framework; name = CoreData.framework; path = System/Library/Frameworks/CoreData.framework; sourceTree = SDKROOT; };
		3E191E741B7B772D00BB9E71 /* CoreDataStack.swift */ = {isa = PBXFileReference; fileEncoding = 4; lastKnownFileType = sourcecode.swift; path = CoreDataStack.swift; sourceTree = "<group>"; };
		3E96E9A81B7CB9E000186E43 /* CKRecord+NSManagedObject.swift */ = {isa = PBXFileReference; fileEncoding = 4; lastKnownFileType = sourcecode.swift; name = "CKRecord+NSManagedObject.swift"; path = "../../Seam/Seam/CKRecord+NSManagedObject.swift"; sourceTree = "<group>"; };
		3E96E9AA1B7CB9E000186E43 /* CKRecordZone+Helpers.swift */ = {isa = PBXFileReference; fileEncoding = 4; lastKnownFileType = sourcecode.swift; name = "CKRecordZone+Helpers.swift"; path = "../../Seam/Seam/CKRecordZone+Helpers.swift"; sourceTree = "<group>"; };
		3E96E9AB1B7CB9E000186E43 /* CKRecordZoneID+Helpers.swift */ = {isa = PBXFileReference; fileEncoding = 4; lastKnownFileType = sourcecode.swift; name = "CKRecordZoneID+Helpers.swift"; path = "../../Seam/Seam/CKRecordZoneID+Helpers.swift"; sourceTree = "<group>"; };
		3E96E9AC1B7CB9E000186E43 /* NSEntityDescription+Helpers.swift */ = {isa = PBXFileReference; fileEncoding = 4; lastKnownFileType = sourcecode.swift; name = "NSEntityDescription+Helpers.swift"; path = "../../Seam/Seam/NSEntityDescription+Helpers.swift"; sourceTree = "<group>"; };
		3E96E9AD1B7CB9E000186E43 /* NSManagedObject+CKRecord.swift */ = {isa = PBXFileReference; fileEncoding = 4; lastKnownFileType = sourcecode.swift; name = "NSManagedObject+CKRecord.swift"; path = "../../Seam/Seam/NSManagedObject+CKRecord.swift"; sourceTree = "<group>"; };
		3E96E9AE1B7CB9E000186E43 /* NSManagedObjectContext+Helpers.swift */ = {isa = PBXFileReference; fileEncoding = 4; lastKnownFileType = sourcecode.swift; name = "NSManagedObjectContext+Helpers.swift"; path = "../../Seam/Seam/NSManagedObjectContext+Helpers.swift"; sourceTree = "<group>"; };
		3E96E9AF1B7CB9E000186E43 /* SMServerStoreSetupOperation.swift */ = {isa = PBXFileReference; fileEncoding = 4; lastKnownFileType = sourcecode.swift; name = SMServerStoreSetupOperation.swift; path = ../../Seam/Seam/SMServerStoreSetupOperation.swift; sourceTree = "<group>"; };
		3E96E9B01B7CB9E000186E43 /* SMServerTokenHandler.swift */ = {isa = PBXFileReference; fileEncoding = 4; lastKnownFileType = sourcecode.swift; name = SMServerTokenHandler.swift; path = ../../Seam/Seam/SMServerTokenHandler.swift; sourceTree = "<group>"; };
		3E96E9B11B7CB9E000186E43 /* SMStore.swift */ = {isa = PBXFileReference; fileEncoding = 4; lastKnownFileType = sourcecode.swift; name = SMStore.swift; path = ../../Seam/Seam/SMStore.swift; sourceTree = "<group>"; };
		3E96E9B21B7CB9E000186E43 /* SMStoreChangeSetHandler.swift */ = {isa = PBXFileReference; fileEncoding = 4; lastKnownFileType = sourcecode.swift; name = SMStoreChangeSetHandler.swift; path = ../../Seam/Seam/SMStoreChangeSetHandler.swift; sourceTree = "<group>"; };
		3E96E9B31B7CB9E000186E43 /* SMStoreSyncOperation.swift */ = {isa = PBXFileReference; fileEncoding = 4; lastKnownFileType = sourcecode.swift; name = SMStoreSyncOperation.swift; path = ../../Seam/Seam/SMStoreSyncOperation.swift; sourceTree = "<group>"; };
/* End PBXFileReference section */

/* Begin PBXFrameworksBuildPhase section */
		3E191E2D1B7B6CD300BB9E71 /* Frameworks */ = {
			isa = PBXFrameworksBuildPhase;
			buildActionMask = 2147483647;
			files = (
				3E191E5A1B7B6D1D00BB9E71 /* CoreData.framework in Frameworks */,
				3E191E581B7B6CFF00BB9E71 /* CloudKit.framework in Frameworks */,
			);
			runOnlyForDeploymentPostprocessing = 0;
		};
		3E191E441B7B6CD300BB9E71 /* Frameworks */ = {
			isa = PBXFrameworksBuildPhase;
			buildActionMask = 2147483647;
			files = (
			);
			runOnlyForDeploymentPostprocessing = 0;
		};
/* End PBXFrameworksBuildPhase section */

/* Begin PBXGroup section */
		3E02263B1B7C62C10080F9AB /* CoreData Models */ = {
			isa = PBXGroup;
			children = (
				3E02263C1B7C62D20080F9AB /* Task+CoreDataProperties.swift */,
				3E02263D1B7C62D20080F9AB /* Task.swift */,
				3E02263E1B7C62D20080F9AB /* Tag+CoreDataProperties.swift */,
				3E02263F1B7C62D20080F9AB /* Tag.swift */,
			);
			name = "CoreData Models";
			sourceTree = "<group>";
		};
		3E191E271B7B6CD300BB9E71 = {
			isa = PBXGroup;
			children = (
				3E191E591B7B6D1D00BB9E71 /* CoreData.framework */,
				3E191E571B7B6CFF00BB9E71 /* CloudKit.framework */,
				3E191E321B7B6CD300BB9E71 /* SeamDemo */,
				3E191E4A1B7B6CD300BB9E71 /* SeamDemoTests */,
				3E191E311B7B6CD300BB9E71 /* Products */,
			);
			sourceTree = "<group>";
		};
		3E191E311B7B6CD300BB9E71 /* Products */ = {
			isa = PBXGroup;
			children = (
				3E191E301B7B6CD300BB9E71 /* SeamDemo.app */,
				3E191E471B7B6CD300BB9E71 /* SeamDemoTests.xctest */,
			);
			name = Products;
			sourceTree = "<group>";
		};
		3E191E321B7B6CD300BB9E71 /* SeamDemo */ = {
			isa = PBXGroup;
			children = (
				3E96E9A61B7CB99B00186E43 /* SeamFramework Files */,
				3E02263B1B7C62C10080F9AB /* CoreData Models */,
				3E191E561B7B6CF100BB9E71 /* SeamDemo.entitlements */,
				3E191E331B7B6CD300BB9E71 /* AppDelegate.swift */,
				3E191E351B7B6CD300BB9E71 /* ViewController.swift */,
				3E191E741B7B772D00BB9E71 /* CoreDataStack.swift */,
				3E191E371B7B6CD300BB9E71 /* Main.storyboard */,
				3E191E3D1B7B6CD300BB9E71 /* Assets.xcassets */,
				3E191E3F1B7B6CD300BB9E71 /* LaunchScreen.storyboard */,
				3E191E421B7B6CD300BB9E71 /* Info.plist */,
				3E191E3A1B7B6CD300BB9E71 /* SeamDemo.xcdatamodeld */,
			);
			path = SeamDemo;
			sourceTree = "<group>";
		};
		3E191E4A1B7B6CD300BB9E71 /* SeamDemoTests */ = {
			isa = PBXGroup;
			children = (
				3E191E4B1B7B6CD300BB9E71 /* SeamDemoTests.swift */,
				3E191E4D1B7B6CD300BB9E71 /* Info.plist */,
			);
			path = SeamDemoTests;
			sourceTree = "<group>";
		};
		3E96E9A61B7CB99B00186E43 /* SeamFramework Files */ = {
			isa = PBXGroup;
			children = (
				3E96E9A81B7CB9E000186E43 /* CKRecord+NSManagedObject.swift */,
				3E96E9AA1B7CB9E000186E43 /* CKRecordZone+Helpers.swift */,
				3E96E9AB1B7CB9E000186E43 /* CKRecordZoneID+Helpers.swift */,
				3E96E9AC1B7CB9E000186E43 /* NSEntityDescription+Helpers.swift */,
				3E96E9AD1B7CB9E000186E43 /* NSManagedObject+CKRecord.swift */,
				3E96E9AE1B7CB9E000186E43 /* NSManagedObjectContext+Helpers.swift */,
				3E96E9AF1B7CB9E000186E43 /* SMServerStoreSetupOperation.swift */,
				3E96E9B01B7CB9E000186E43 /* SMServerTokenHandler.swift */,
				3E96E9B11B7CB9E000186E43 /* SMStore.swift */,
				3E96E9B21B7CB9E000186E43 /* SMStoreChangeSetHandler.swift */,
				3E96E9B31B7CB9E000186E43 /* SMStoreSyncOperation.swift */,
			);
			name = "SeamFramework Files";
			sourceTree = "<group>";
		};
/* End PBXGroup section */

/* Begin PBXNativeTarget section */
		3E191E2F1B7B6CD300BB9E71 /* SeamDemo */ = {
			isa = PBXNativeTarget;
			buildConfigurationList = 3E191E501B7B6CD300BB9E71 /* Build configuration list for PBXNativeTarget "SeamDemo" */;
			buildPhases = (
				3E191E2C1B7B6CD300BB9E71 /* Sources */,
				3E191E2D1B7B6CD300BB9E71 /* Frameworks */,
				3E191E2E1B7B6CD300BB9E71 /* Resources */,
				3E3A94C81B89AB9C009BEF07 /* Embed Frameworks */,
			);
			buildRules = (
			);
			dependencies = (
			);
			name = SeamDemo;
			productName = SeamDemo;
			productReference = 3E191E301B7B6CD300BB9E71 /* SeamDemo.app */;
			productType = "com.apple.product-type.application";
		};
		3E191E461B7B6CD300BB9E71 /* SeamDemoTests */ = {
			isa = PBXNativeTarget;
			buildConfigurationList = 3E191E531B7B6CD300BB9E71 /* Build configuration list for PBXNativeTarget "SeamDemoTests" */;
			buildPhases = (
				3E191E431B7B6CD300BB9E71 /* Sources */,
				3E191E441B7B6CD300BB9E71 /* Frameworks */,
				3E191E451B7B6CD300BB9E71 /* Resources */,
			);
			buildRules = (
			);
			dependencies = (
				3E191E491B7B6CD300BB9E71 /* PBXTargetDependency */,
			);
			name = SeamDemoTests;
			productName = SeamDemoTests;
			productReference = 3E191E471B7B6CD300BB9E71 /* SeamDemoTests.xctest */;
			productType = "com.apple.product-type.bundle.unit-test";
		};
/* End PBXNativeTarget section */

/* Begin PBXProject section */
		3E191E281B7B6CD300BB9E71 /* Project object */ = {
			isa = PBXProject;
			attributes = {
				LastUpgradeCheck = 0700;
				ORGANIZATIONNAME = CloudKitSpace;
				TargetAttributes = {
					3E191E2F1B7B6CD300BB9E71 = {
						CreatedOnToolsVersion = 7.0;
						DevelopmentTeam = UBAKNBA97C;
						SystemCapabilities = {
							com.apple.Push = {
								enabled = 1;
							};
							com.apple.iCloud = {
								enabled = 1;
							};
						};
					};
					3E191E461B7B6CD300BB9E71 = {
						CreatedOnToolsVersion = 7.0;
						TestTargetID = 3E191E2F1B7B6CD300BB9E71;
					};
				};
			};
			buildConfigurationList = 3E191E2B1B7B6CD300BB9E71 /* Build configuration list for PBXProject "SeamDemo" */;
			compatibilityVersion = "Xcode 3.2";
			developmentRegion = English;
			hasScannedForEncodings = 0;
			knownRegions = (
				en,
				Base,
			);
			mainGroup = 3E191E271B7B6CD300BB9E71;
			productRefGroup = 3E191E311B7B6CD300BB9E71 /* Products */;
			projectDirPath = "";
			projectRoot = "";
			targets = (
				3E191E2F1B7B6CD300BB9E71 /* SeamDemo */,
				3E191E461B7B6CD300BB9E71 /* SeamDemoTests */,
			);
		};
/* End PBXProject section */

/* Begin PBXResourcesBuildPhase section */
		3E191E2E1B7B6CD300BB9E71 /* Resources */ = {
			isa = PBXResourcesBuildPhase;
			buildActionMask = 2147483647;
			files = (
				3E191E411B7B6CD300BB9E71 /* LaunchScreen.storyboard in Resources */,
				3E191E3E1B7B6CD300BB9E71 /* Assets.xcassets in Resources */,
				3E191E391B7B6CD300BB9E71 /* Main.storyboard in Resources */,
			);
			runOnlyForDeploymentPostprocessing = 0;
		};
		3E191E451B7B6CD300BB9E71 /* Resources */ = {
			isa = PBXResourcesBuildPhase;
			buildActionMask = 2147483647;
			files = (
			);
			runOnlyForDeploymentPostprocessing = 0;
		};
/* End PBXResourcesBuildPhase section */

/* Begin PBXSourcesBuildPhase section */
		3E191E2C1B7B6CD300BB9E71 /* Sources */ = {
			isa = PBXSourcesBuildPhase;
			buildActionMask = 2147483647;
			files = (
				3E0226431B7C62D20080F9AB /* Tag.swift in Sources */,
				3E96E9BF1B7CB9E000186E43 /* SMStoreChangeSetHandler.swift in Sources */,
				3E96E9BE1B7CB9E000186E43 /* SMStore.swift in Sources */,
				3E191E361B7B6CD300BB9E71 /* ViewController.swift in Sources */,
				3E96E9BC1B7CB9E000186E43 /* SMServerStoreSetupOperation.swift in Sources */,
				3E96E9BA1B7CB9E000186E43 /* NSManagedObject+CKRecord.swift in Sources */,
				3E96E9B81B7CB9E000186E43 /* CKRecordZoneID+Helpers.swift in Sources */,
				3E96E9BD1B7CB9E000186E43 /* SMServerTokenHandler.swift in Sources */,
				3E191E3C1B7B6CD300BB9E71 /* SeamDemo.xcdatamodeld in Sources */,
				3E191E341B7B6CD300BB9E71 /* AppDelegate.swift in Sources */,
				3E0226401B7C62D20080F9AB /* Task+CoreDataProperties.swift in Sources */,
				3E96E9BB1B7CB9E000186E43 /* NSManagedObjectContext+Helpers.swift in Sources */,
				3E0226421B7C62D20080F9AB /* Tag+CoreDataProperties.swift in Sources */,
				3E96E9B51B7CB9E000186E43 /* CKRecord+NSManagedObject.swift in Sources */,
				3E96E9C01B7CB9E000186E43 /* SMStoreSyncOperation.swift in Sources */,
				3E96E9B71B7CB9E000186E43 /* CKRecordZone+Helpers.swift in Sources */,
				3E0226411B7C62D20080F9AB /* Task.swift in Sources */,
				3E191E751B7B772D00BB9E71 /* CoreDataStack.swift in Sources */,
				3E96E9B91B7CB9E000186E43 /* NSEntityDescription+Helpers.swift in Sources */,
			);
			runOnlyForDeploymentPostprocessing = 0;
		};
		3E191E431B7B6CD300BB9E71 /* Sources */ = {
			isa = PBXSourcesBuildPhase;
			buildActionMask = 2147483647;
			files = (
				3E191E4C1B7B6CD300BB9E71 /* SeamDemoTests.swift in Sources */,
			);
			runOnlyForDeploymentPostprocessing = 0;
		};
/* End PBXSourcesBuildPhase section */

/* Begin PBXTargetDependency section */
		3E191E491B7B6CD300BB9E71 /* PBXTargetDependency */ = {
			isa = PBXTargetDependency;
			target = 3E191E2F1B7B6CD300BB9E71 /* SeamDemo */;
			targetProxy = 3E191E481B7B6CD300BB9E71 /* PBXContainerItemProxy */;
		};
/* End PBXTargetDependency section */

/* Begin PBXVariantGroup section */
		3E191E371B7B6CD300BB9E71 /* Main.storyboard */ = {
			isa = PBXVariantGroup;
			children = (
				3E191E381B7B6CD300BB9E71 /* Base */,
			);
			name = Main.storyboard;
			sourceTree = "<group>";
		};
		3E191E3F1B7B6CD300BB9E71 /* LaunchScreen.storyboard */ = {
			isa = PBXVariantGroup;
			children = (
				3E191E401B7B6CD300BB9E71 /* Base */,
			);
			name = LaunchScreen.storyboard;
			sourceTree = "<group>";
		};
/* End PBXVariantGroup section */

/* Begin XCBuildConfiguration section */
		3E191E4E1B7B6CD300BB9E71 /* Debug */ = {
			isa = XCBuildConfiguration;
			buildSettings = {
				ALWAYS_SEARCH_USER_PATHS = NO;
				CLANG_CXX_LANGUAGE_STANDARD = "gnu++0x";
				CLANG_CXX_LIBRARY = "libc++";
				CLANG_ENABLE_MODULES = YES;
				CLANG_ENABLE_OBJC_ARC = YES;
				CLANG_WARN_BOOL_CONVERSION = YES;
				CLANG_WARN_CONSTANT_CONVERSION = YES;
				CLANG_WARN_DIRECT_OBJC_ISA_USAGE = YES_ERROR;
				CLANG_WARN_EMPTY_BODY = YES;
				CLANG_WARN_ENUM_CONVERSION = YES;
				CLANG_WARN_INT_CONVERSION = YES;
				CLANG_WARN_OBJC_ROOT_CLASS = YES_ERROR;
				CLANG_WARN_UNREACHABLE_CODE = YES;
				CLANG_WARN__DUPLICATE_METHOD_MATCH = YES;
				"CODE_SIGN_IDENTITY[sdk=iphoneos*]" = "iPhone Developer";
				COPY_PHASE_STRIP = NO;
				DEBUG_INFORMATION_FORMAT = dwarf;
				ENABLE_STRICT_OBJC_MSGSEND = YES;
				ENABLE_TESTABILITY = YES;
				GCC_C_LANGUAGE_STANDARD = gnu99;
				GCC_DYNAMIC_NO_PIC = NO;
				GCC_NO_COMMON_BLOCKS = YES;
				GCC_OPTIMIZATION_LEVEL = 0;
				GCC_PREPROCESSOR_DEFINITIONS = (
					"DEBUG=1",
					"$(inherited)",
				);
				GCC_WARN_64_TO_32_BIT_CONVERSION = YES;
				GCC_WARN_ABOUT_RETURN_TYPE = YES_ERROR;
				GCC_WARN_UNDECLARED_SELECTOR = YES;
				GCC_WARN_UNINITIALIZED_AUTOS = YES_AGGRESSIVE;
				GCC_WARN_UNUSED_FUNCTION = YES;
				GCC_WARN_UNUSED_VARIABLE = YES;
				IPHONEOS_DEPLOYMENT_TARGET = 8.3;
				MTL_ENABLE_DEBUG_INFO = YES;
				ONLY_ACTIVE_ARCH = YES;
				SDKROOT = iphoneos;
				SWIFT_OPTIMIZATION_LEVEL = "-Onone";
				TARGETED_DEVICE_FAMILY = "1,2";
			};
			name = Debug;
		};
		3E191E4F1B7B6CD300BB9E71 /* Release */ = {
			isa = XCBuildConfiguration;
			buildSettings = {
				ALWAYS_SEARCH_USER_PATHS = NO;
				CLANG_CXX_LANGUAGE_STANDARD = "gnu++0x";
				CLANG_CXX_LIBRARY = "libc++";
				CLANG_ENABLE_MODULES = YES;
				CLANG_ENABLE_OBJC_ARC = YES;
				CLANG_WARN_BOOL_CONVERSION = YES;
				CLANG_WARN_CONSTANT_CONVERSION = YES;
				CLANG_WARN_DIRECT_OBJC_ISA_USAGE = YES_ERROR;
				CLANG_WARN_EMPTY_BODY = YES;
				CLANG_WARN_ENUM_CONVERSION = YES;
				CLANG_WARN_INT_CONVERSION = YES;
				CLANG_WARN_OBJC_ROOT_CLASS = YES_ERROR;
				CLANG_WARN_UNREACHABLE_CODE = YES;
				CLANG_WARN__DUPLICATE_METHOD_MATCH = YES;
				"CODE_SIGN_IDENTITY[sdk=iphoneos*]" = "iPhone Developer";
				COPY_PHASE_STRIP = NO;
				DEBUG_INFORMATION_FORMAT = "dwarf-with-dsym";
				ENABLE_NS_ASSERTIONS = NO;
				ENABLE_STRICT_OBJC_MSGSEND = YES;
				GCC_C_LANGUAGE_STANDARD = gnu99;
				GCC_NO_COMMON_BLOCKS = YES;
				GCC_WARN_64_TO_32_BIT_CONVERSION = YES;
				GCC_WARN_ABOUT_RETURN_TYPE = YES_ERROR;
				GCC_WARN_UNDECLARED_SELECTOR = YES;
				GCC_WARN_UNINITIALIZED_AUTOS = YES_AGGRESSIVE;
				GCC_WARN_UNUSED_FUNCTION = YES;
				GCC_WARN_UNUSED_VARIABLE = YES;
				IPHONEOS_DEPLOYMENT_TARGET = 8.3;
				MTL_ENABLE_DEBUG_INFO = NO;
				SDKROOT = iphoneos;
				TARGETED_DEVICE_FAMILY = "1,2";
				VALIDATE_PRODUCT = YES;
			};
			name = Release;
		};
		3E191E511B7B6CD300BB9E71 /* Debug */ = {
			isa = XCBuildConfiguration;
			buildSettings = {
				ASSETCATALOG_COMPILER_APPICON_NAME = AppIcon;
				CODE_SIGN_ENTITLEMENTS = SeamDemo/SeamDemo.entitlements;
				CODE_SIGN_IDENTITY = "iPhone Developer";
				"CODE_SIGN_IDENTITY[sdk=iphoneos*]" = "iPhone Developer";
				INFOPLIST_FILE = SeamDemo/Info.plist;
				IPHONEOS_DEPLOYMENT_TARGET = 8.3;
				LD_RUNPATH_SEARCH_PATHS = "$(inherited) @executable_path/Frameworks";
				PRODUCT_BUNDLE_IDENTIFIER = com.CloudKitSpace.SeamDemo;
				PRODUCT_NAME = "$(TARGET_NAME)";
				PROVISIONING_PROFILE = "";
			};
			name = Debug;
		};
		3E191E521B7B6CD300BB9E71 /* Release */ = {
			isa = XCBuildConfiguration;
			buildSettings = {
				ASSETCATALOG_COMPILER_APPICON_NAME = AppIcon;
				CODE_SIGN_ENTITLEMENTS = SeamDemo/SeamDemo.entitlements;
				CODE_SIGN_IDENTITY = "iPhone Developer";
				"CODE_SIGN_IDENTITY[sdk=iphoneos*]" = "iPhone Developer";
				INFOPLIST_FILE = SeamDemo/Info.plist;
				IPHONEOS_DEPLOYMENT_TARGET = 8.3;
				LD_RUNPATH_SEARCH_PATHS = "$(inherited) @executable_path/Frameworks";
				PRODUCT_BUNDLE_IDENTIFIER = com.CloudKitSpace.SeamDemo;
				PRODUCT_NAME = "$(TARGET_NAME)";
				PROVISIONING_PROFILE = "";
			};
			name = Release;
		};
		3E191E541B7B6CD300BB9E71 /* Debug */ = {
			isa = XCBuildConfiguration;
			buildSettings = {
				BUNDLE_LOADER = "$(TEST_HOST)";
				INFOPLIST_FILE = SeamDemoTests/Info.plist;
				LD_RUNPATH_SEARCH_PATHS = "$(inherited) @executable_path/Frameworks @loader_path/Frameworks";
				PRODUCT_BUNDLE_IDENTIFIER = com.CloudKitSpace.SeamDemoTests;
				PRODUCT_NAME = "$(TARGET_NAME)";
				TEST_HOST = "$(BUILT_PRODUCTS_DIR)/SeamDemo.app/SeamDemo";
			};
			name = Debug;
		};
		3E191E551B7B6CD300BB9E71 /* Release */ = {
			isa = XCBuildConfiguration;
			buildSettings = {
				BUNDLE_LOADER = "$(TEST_HOST)";
				INFOPLIST_FILE = SeamDemoTests/Info.plist;
				LD_RUNPATH_SEARCH_PATHS = "$(inherited) @executable_path/Frameworks @loader_path/Frameworks";
				PRODUCT_BUNDLE_IDENTIFIER = com.CloudKitSpace.SeamDemoTests;
				PRODUCT_NAME = "$(TARGET_NAME)";
				TEST_HOST = "$(BUILT_PRODUCTS_DIR)/SeamDemo.app/SeamDemo";
			};
			name = Release;
		};
/* End XCBuildConfiguration section */

/* Begin XCConfigurationList section */
		3E191E2B1B7B6CD300BB9E71 /* Build configuration list for PBXProject "SeamDemo" */ = {
			isa = XCConfigurationList;
			buildConfigurations = (
				3E191E4E1B7B6CD300BB9E71 /* Debug */,
				3E191E4F1B7B6CD300BB9E71 /* Release */,
			);
			defaultConfigurationIsVisible = 0;
			defaultConfigurationName = Release;
		};
		3E191E501B7B6CD300BB9E71 /* Build configuration list for PBXNativeTarget "SeamDemo" */ = {
			isa = XCConfigurationList;
			buildConfigurations = (
				3E191E511B7B6CD300BB9E71 /* Debug */,
				3E191E521B7B6CD300BB9E71 /* Release */,
			);
			defaultConfigurationIsVisible = 0;
			defaultConfigurationName = Release;
		};
		3E191E531B7B6CD300BB9E71 /* Build configuration list for PBXNativeTarget "SeamDemoTests" */ = {
			isa = XCConfigurationList;
			buildConfigurations = (
				3E191E541B7B6CD300BB9E71 /* Debug */,
				3E191E551B7B6CD300BB9E71 /* Release */,
			);
			defaultConfigurationIsVisible = 0;
			defaultConfigurationName = Release;
		};
/* End XCConfigurationList section */

/* Begin XCVersionGroup section */
		3E191E3A1B7B6CD300BB9E71 /* SeamDemo.xcdatamodeld */ = {
			isa = XCVersionGroup;
			children = (
				3E191E3B1B7B6CD300BB9E71 /* SeamDemo.xcdatamodel */,
			);
			currentVersion = 3E191E3B1B7B6CD300BB9E71 /* SeamDemo.xcdatamodel */;
			path = SeamDemo.xcdatamodeld;
			sourceTree = "<group>";
			versionGroupType = wrapper.xcdatamodel;
		};
/* End XCVersionGroup section */
	};
	rootObject = 3E191E281B7B6CD300BB9E71 /* Project object */;
}
